// !$*UTF8*$!
{
	archiveVersion = 1;
	classes = {
	};
	objectVersion = 50;
	objects = {

/* Begin PBXBuildFile section */
		3D20FB2922FB1F08007836DD /* AppDelegate.swift in Sources */ = {isa = PBXBuildFile; fileRef = 3D20FB2822FB1F08007836DD /* AppDelegate.swift */; };
		3D20FB2B22FB1F08007836DD /* HomeFeedViewController.swift in Sources */ = {isa = PBXBuildFile; fileRef = 3D20FB2A22FB1F08007836DD /* HomeFeedViewController.swift */; };
		3D20FB3022FB1F0A007836DD /* Assets.xcassets in Resources */ = {isa = PBXBuildFile; fileRef = 3D20FB2F22FB1F0A007836DD /* Assets.xcassets */; };
		3D20FB3322FB1F0A007836DD /* LaunchScreen.storyboard in Resources */ = {isa = PBXBuildFile; fileRef = 3D20FB3122FB1F0A007836DD /* LaunchScreen.storyboard */; };
		3D20FB3E22FB1F0A007836DD /* UpfulTests.swift in Sources */ = {isa = PBXBuildFile; fileRef = 3D20FB3D22FB1F0A007836DD /* UpfulTests.swift */; };
		3D20FB4C22FB2129007836DD /* UIView+Extensions.swift in Sources */ = {isa = PBXBuildFile; fileRef = 3D20FB4B22FB2129007836DD /* UIView+Extensions.swift */; };
		3D20FB4F22FB259D007836DD /* NetworkingService.swift in Sources */ = {isa = PBXBuildFile; fileRef = 3D20FB4E22FB259D007836DD /* NetworkingService.swift */; };
		3D20FB5222FB3068007836DD /* HomeFeedItem.swift in Sources */ = {isa = PBXBuildFile; fileRef = 3D20FB5122FB3068007836DD /* HomeFeedItem.swift */; };
		3D20FB5822FB46DD007836DD /* PresetScreenerTableViewCell.swift in Sources */ = {isa = PBXBuildFile; fileRef = 3D20FB5722FB46DD007836DD /* PresetScreenerTableViewCell.swift */; };
		3D20FB5A22FB49EC007836DD /* PopularCompanyCell.swift in Sources */ = {isa = PBXBuildFile; fileRef = 3D20FB5922FB49EC007836DD /* PopularCompanyCell.swift */; };
		3D20FB5D22FBA772007836DD /* HomeViewModel.swift in Sources */ = {isa = PBXBuildFile; fileRef = 3D20FB5C22FBA772007836DD /* HomeViewModel.swift */; };
		3D20FB5F22FBB15E007836DD /* HomeFeedStateCell.swift in Sources */ = {isa = PBXBuildFile; fileRef = 3D20FB5E22FBB15E007836DD /* HomeFeedStateCell.swift */; };
		3D20FB6222FBC03F007836DD /* CustomHeaderLabel.swift in Sources */ = {isa = PBXBuildFile; fileRef = 3D20FB6122FBC03F007836DD /* CustomHeaderLabel.swift */; };
		9EACA51EBDB9027C65ED019D /* Pods_UpfulTests.framework in Frameworks */ = {isa = PBXBuildFile; fileRef = BC0A134A6E928314BD6D8405 /* Pods_UpfulTests.framework */; };
		DBF9A52BC5915E42042B6760 /* Pods_Upful.framework in Frameworks */ = {isa = PBXBuildFile; fileRef = 59C76C07469A281B054B28FF /* Pods_Upful.framework */; };
/* End PBXBuildFile section */

/* Begin PBXContainerItemProxy section */
		3D20FB3A22FB1F0A007836DD /* PBXContainerItemProxy */ = {
			isa = PBXContainerItemProxy;
			containerPortal = 3D20FB1D22FB1F08007836DD /* Project object */;
			proxyType = 1;
			remoteGlobalIDString = 3D20FB2422FB1F08007836DD;
			remoteInfo = Upful;
		};
/* End PBXContainerItemProxy section */

/* Begin PBXFileReference section */
		023AAB374D3059C075004339 /* Pods-Upful.debug.xcconfig */ = {isa = PBXFileReference; includeInIndex = 1; lastKnownFileType = text.xcconfig; name = "Pods-Upful.debug.xcconfig"; path = "Pods/Target Support Files/Pods-Upful/Pods-Upful.debug.xcconfig"; sourceTree = "<group>"; };
		3D20FB2522FB1F08007836DD /* Upful.app */ = {isa = PBXFileReference; explicitFileType = wrapper.application; includeInIndex = 0; path = Upful.app; sourceTree = BUILT_PRODUCTS_DIR; };
		3D20FB2822FB1F08007836DD /* AppDelegate.swift */ = {isa = PBXFileReference; lastKnownFileType = sourcecode.swift; path = AppDelegate.swift; sourceTree = "<group>"; };
		3D20FB2A22FB1F08007836DD /* HomeFeedViewController.swift */ = {isa = PBXFileReference; lastKnownFileType = sourcecode.swift; path = HomeFeedViewController.swift; sourceTree = "<group>"; };
		3D20FB2F22FB1F0A007836DD /* Assets.xcassets */ = {isa = PBXFileReference; lastKnownFileType = folder.assetcatalog; path = Assets.xcassets; sourceTree = "<group>"; };
		3D20FB3222FB1F0A007836DD /* Base */ = {isa = PBXFileReference; lastKnownFileType = file.storyboard; name = Base; path = Base.lproj/LaunchScreen.storyboard; sourceTree = "<group>"; };
		3D20FB3422FB1F0A007836DD /* Info.plist */ = {isa = PBXFileReference; lastKnownFileType = text.plist.xml; path = Info.plist; sourceTree = "<group>"; };
		3D20FB3922FB1F0A007836DD /* UpfulTests.xctest */ = {isa = PBXFileReference; explicitFileType = wrapper.cfbundle; includeInIndex = 0; path = UpfulTests.xctest; sourceTree = BUILT_PRODUCTS_DIR; };
		3D20FB3D22FB1F0A007836DD /* UpfulTests.swift */ = {isa = PBXFileReference; lastKnownFileType = sourcecode.swift; path = UpfulTests.swift; sourceTree = "<group>"; };
		3D20FB3F22FB1F0A007836DD /* Info.plist */ = {isa = PBXFileReference; lastKnownFileType = text.plist.xml; path = Info.plist; sourceTree = "<group>"; };
		3D20FB4B22FB2129007836DD /* UIView+Extensions.swift */ = {isa = PBXFileReference; lastKnownFileType = sourcecode.swift; path = "UIView+Extensions.swift"; sourceTree = "<group>"; };
		3D20FB4E22FB259D007836DD /* NetworkingService.swift */ = {isa = PBXFileReference; lastKnownFileType = sourcecode.swift; path = NetworkingService.swift; sourceTree = "<group>"; };
		3D20FB5122FB3068007836DD /* HomeFeedItem.swift */ = {isa = PBXFileReference; lastKnownFileType = sourcecode.swift; path = HomeFeedItem.swift; sourceTree = "<group>"; };
		3D20FB5722FB46DD007836DD /* PresetScreenerTableViewCell.swift */ = {isa = PBXFileReference; lastKnownFileType = sourcecode.swift; path = PresetScreenerTableViewCell.swift; sourceTree = "<group>"; };
		3D20FB5922FB49EC007836DD /* PopularCompanyCell.swift */ = {isa = PBXFileReference; lastKnownFileType = sourcecode.swift; path = PopularCompanyCell.swift; sourceTree = "<group>"; };
		3D20FB5C22FBA772007836DD /* HomeViewModel.swift */ = {isa = PBXFileReference; lastKnownFileType = sourcecode.swift; path = HomeViewModel.swift; sourceTree = "<group>"; };
		3D20FB5E22FBB15E007836DD /* HomeFeedStateCell.swift */ = {isa = PBXFileReference; lastKnownFileType = sourcecode.swift; path = HomeFeedStateCell.swift; sourceTree = "<group>"; };
		3D20FB6122FBC03F007836DD /* CustomHeaderLabel.swift */ = {isa = PBXFileReference; lastKnownFileType = sourcecode.swift; path = CustomHeaderLabel.swift; sourceTree = "<group>"; };
		59C76C07469A281B054B28FF /* Pods_Upful.framework */ = {isa = PBXFileReference; explicitFileType = wrapper.framework; includeInIndex = 0; path = Pods_Upful.framework; sourceTree = BUILT_PRODUCTS_DIR; };
		8A3615F7902317CD398E45C9 /* Pods-UpfulTests.release.xcconfig */ = {isa = PBXFileReference; includeInIndex = 1; lastKnownFileType = text.xcconfig; name = "Pods-UpfulTests.release.xcconfig"; path = "Pods/Target Support Files/Pods-UpfulTests/Pods-UpfulTests.release.xcconfig"; sourceTree = "<group>"; };
		9315B80D35508D89B49F5501 /* Pods-UpfulTests.debug.xcconfig */ = {isa = PBXFileReference; includeInIndex = 1; lastKnownFileType = text.xcconfig; name = "Pods-UpfulTests.debug.xcconfig"; path = "Pods/Target Support Files/Pods-UpfulTests/Pods-UpfulTests.debug.xcconfig"; sourceTree = "<group>"; };
		BC0A134A6E928314BD6D8405 /* Pods_UpfulTests.framework */ = {isa = PBXFileReference; explicitFileType = wrapper.framework; includeInIndex = 0; path = Pods_UpfulTests.framework; sourceTree = BUILT_PRODUCTS_DIR; };
		D6464D4EB0D76DB0F09D0648 /* Pods-Upful.release.xcconfig */ = {isa = PBXFileReference; includeInIndex = 1; lastKnownFileType = text.xcconfig; name = "Pods-Upful.release.xcconfig"; path = "Pods/Target Support Files/Pods-Upful/Pods-Upful.release.xcconfig"; sourceTree = "<group>"; };
/* End PBXFileReference section */

/* Begin PBXFrameworksBuildPhase section */
		3D20FB2222FB1F08007836DD /* Frameworks */ = {
			isa = PBXFrameworksBuildPhase;
			buildActionMask = 2147483647;
			files = (
				DBF9A52BC5915E42042B6760 /* Pods_Upful.framework in Frameworks */,
			);
			runOnlyForDeploymentPostprocessing = 0;
		};
		3D20FB3622FB1F0A007836DD /* Frameworks */ = {
			isa = PBXFrameworksBuildPhase;
			buildActionMask = 2147483647;
			files = (
				9EACA51EBDB9027C65ED019D /* Pods_UpfulTests.framework in Frameworks */,
			);
			runOnlyForDeploymentPostprocessing = 0;
		};
/* End PBXFrameworksBuildPhase section */

/* Begin PBXGroup section */
		3D20FB1C22FB1F08007836DD = {
			isa = PBXGroup;
			children = (
				3D20FB2722FB1F08007836DD /* Upful */,
				3D20FB3C22FB1F0A007836DD /* UpfulTests */,
				3D20FB2622FB1F08007836DD /* Products */,
				A4196304E936B0EBD91F6E49 /* Pods */,
				FFC43740532EEF9D260808DB /* Frameworks */,
			);
			sourceTree = "<group>";
		};
		3D20FB2622FB1F08007836DD /* Products */ = {
			isa = PBXGroup;
			children = (
				3D20FB2522FB1F08007836DD /* Upful.app */,
				3D20FB3922FB1F0A007836DD /* UpfulTests.xctest */,
			);
			name = Products;
			sourceTree = "<group>";
		};
		3D20FB2722FB1F08007836DD /* Upful */ = {
			isa = PBXGroup;
			children = (
				3D20FB4822FB2086007836DD /* Supporting Files */,
				3D20FB4D22FB258A007836DD /* Networking */,
				3D20FB4A22FB211C007836DD /* Extensions */,
				3D20FB4922FB209F007836DD /* Home Feed */,
				3D20FB5022FB3052007836DD /* Models */,
				3D20FB6022FBC033007836DD /* Views */,
				3D20FB2F22FB1F0A007836DD /* Assets.xcassets */,
				3D20FB3422FB1F0A007836DD /* Info.plist */,
			);
			path = Upful;
			sourceTree = "<group>";
		};
		3D20FB3C22FB1F0A007836DD /* UpfulTests */ = {
			isa = PBXGroup;
			children = (
				3D20FB3D22FB1F0A007836DD /* UpfulTests.swift */,
				3D20FB3F22FB1F0A007836DD /* Info.plist */,
			);
			path = UpfulTests;
			sourceTree = "<group>";
		};
		3D20FB4822FB2086007836DD /* Supporting Files */ = {
			isa = PBXGroup;
			children = (
				3D20FB3122FB1F0A007836DD /* LaunchScreen.storyboard */,
				3D20FB2822FB1F08007836DD /* AppDelegate.swift */,
			);
			path = "Supporting Files";
			sourceTree = "<group>";
		};
		3D20FB4922FB209F007836DD /* Home Feed */ = {
			isa = PBXGroup;
			children = (
				3D20FB5B22FBA754007836DD /* View Models */,
				3D20FB5422FB34FB007836DD /* Views */,
				3D20FB5322FB34F5007836DD /* Controllers */,
			);
			path = "Home Feed";
			sourceTree = "<group>";
		};
		3D20FB4A22FB211C007836DD /* Extensions */ = {
			isa = PBXGroup;
			children = (
				3D20FB4B22FB2129007836DD /* UIView+Extensions.swift */,
			);
			path = Extensions;
			sourceTree = "<group>";
		};
		3D20FB4D22FB258A007836DD /* Networking */ = {
			isa = PBXGroup;
			children = (
				3D20FB4E22FB259D007836DD /* NetworkingService.swift */,
			);
			path = Networking;
			sourceTree = "<group>";
		};
		3D20FB5022FB3052007836DD /* Models */ = {
			isa = PBXGroup;
			children = (
				3D20FB5122FB3068007836DD /* HomeFeedItem.swift */,
			);
			path = Models;
			sourceTree = "<group>";
		};
		3D20FB5322FB34F5007836DD /* Controllers */ = {
			isa = PBXGroup;
			children = (
				3D20FB2A22FB1F08007836DD /* HomeFeedViewController.swift */,
			);
			path = Controllers;
			sourceTree = "<group>";
		};
		3D20FB5422FB34FB007836DD /* Views */ = {
			isa = PBXGroup;
			children = (
				3D20FB5922FB49EC007836DD /* PopularCompanyCell.swift */,
				3D20FB5722FB46DD007836DD /* PresetScreenerTableViewCell.swift */,
				3D20FB5E22FBB15E007836DD /* HomeFeedStateCell.swift */,
			);
			path = Views;
			sourceTree = "<group>";
		};
		3D20FB5B22FBA754007836DD /* View Models */ = {
			isa = PBXGroup;
			children = (
				3D20FB5C22FBA772007836DD /* HomeViewModel.swift */,
			);
			path = "View Models";
			sourceTree = "<group>";
		};
		3D20FB6022FBC033007836DD /* Views */ = {
			isa = PBXGroup;
			children = (
				3D20FB6122FBC03F007836DD /* CustomHeaderLabel.swift */,
			);
			path = Views;
			sourceTree = "<group>";
		};
		A4196304E936B0EBD91F6E49 /* Pods */ = {
			isa = PBXGroup;
			children = (
				023AAB374D3059C075004339 /* Pods-Upful.debug.xcconfig */,
				D6464D4EB0D76DB0F09D0648 /* Pods-Upful.release.xcconfig */,
				9315B80D35508D89B49F5501 /* Pods-UpfulTests.debug.xcconfig */,
				8A3615F7902317CD398E45C9 /* Pods-UpfulTests.release.xcconfig */,
			);
			name = Pods;
			sourceTree = "<group>";
		};
		FFC43740532EEF9D260808DB /* Frameworks */ = {
			isa = PBXGroup;
			children = (
				59C76C07469A281B054B28FF /* Pods_Upful.framework */,
				BC0A134A6E928314BD6D8405 /* Pods_UpfulTests.framework */,
			);
			name = Frameworks;
			sourceTree = "<group>";
		};
/* End PBXGroup section */

/* Begin PBXNativeTarget section */
		3D20FB2422FB1F08007836DD /* Upful */ = {
			isa = PBXNativeTarget;
			buildConfigurationList = 3D20FB4222FB1F0A007836DD /* Build configuration list for PBXNativeTarget "Upful" */;
			buildPhases = (
				BA8A5399EEDABAAEA09927E9 /* [CP] Check Pods Manifest.lock */,
				3D20FB2122FB1F08007836DD /* Sources */,
				3D20FB2222FB1F08007836DD /* Frameworks */,
				3D20FB2322FB1F08007836DD /* Resources */,
				DBAC63ACD445083835E79E46 /* [CP] Embed Pods Frameworks */,
			);
			buildRules = (
			);
			dependencies = (
			);
			name = Upful;
			productName = Upful;
			productReference = 3D20FB2522FB1F08007836DD /* Upful.app */;
			productType = "com.apple.product-type.application";
		};
		3D20FB3822FB1F0A007836DD /* UpfulTests */ = {
			isa = PBXNativeTarget;
			buildConfigurationList = 3D20FB4522FB1F0A007836DD /* Build configuration list for PBXNativeTarget "UpfulTests" */;
			buildPhases = (
				6DA628A217B730F9C49336BC /* [CP] Check Pods Manifest.lock */,
				3D20FB3522FB1F0A007836DD /* Sources */,
				3D20FB3622FB1F0A007836DD /* Frameworks */,
				3D20FB3722FB1F0A007836DD /* Resources */,
			);
			buildRules = (
			);
			dependencies = (
				3D20FB3B22FB1F0A007836DD /* PBXTargetDependency */,
			);
			name = UpfulTests;
			productName = UpfulTests;
			productReference = 3D20FB3922FB1F0A007836DD /* UpfulTests.xctest */;
			productType = "com.apple.product-type.bundle.unit-test";
		};
/* End PBXNativeTarget section */

/* Begin PBXProject section */
		3D20FB1D22FB1F08007836DD /* Project object */ = {
			isa = PBXProject;
			attributes = {
				LastSwiftUpdateCheck = 1020;
				LastUpgradeCheck = 1020;
				ORGANIZATIONNAME = "Yanik Simpson";
				TargetAttributes = {
					3D20FB2422FB1F08007836DD = {
						CreatedOnToolsVersion = 10.2.1;
					};
					3D20FB3822FB1F0A007836DD = {
						CreatedOnToolsVersion = 10.2.1;
						TestTargetID = 3D20FB2422FB1F08007836DD;
					};
				};
			};
			buildConfigurationList = 3D20FB2022FB1F08007836DD /* Build configuration list for PBXProject "Upful" */;
			compatibilityVersion = "Xcode 9.3";
			developmentRegion = en;
			hasScannedForEncodings = 0;
			knownRegions = (
				en,
				Base,
			);
			mainGroup = 3D20FB1C22FB1F08007836DD;
			productRefGroup = 3D20FB2622FB1F08007836DD /* Products */;
			projectDirPath = "";
			projectRoot = "";
			targets = (
				3D20FB2422FB1F08007836DD /* Upful */,
				3D20FB3822FB1F0A007836DD /* UpfulTests */,
			);
		};
/* End PBXProject section */

/* Begin PBXResourcesBuildPhase section */
		3D20FB2322FB1F08007836DD /* Resources */ = {
			isa = PBXResourcesBuildPhase;
			buildActionMask = 2147483647;
			files = (
				3D20FB3322FB1F0A007836DD /* LaunchScreen.storyboard in Resources */,
				3D20FB3022FB1F0A007836DD /* Assets.xcassets in Resources */,
			);
			runOnlyForDeploymentPostprocessing = 0;
		};
		3D20FB3722FB1F0A007836DD /* Resources */ = {
			isa = PBXResourcesBuildPhase;
			buildActionMask = 2147483647;
			files = (
			);
			runOnlyForDeploymentPostprocessing = 0;
		};
/* End PBXResourcesBuildPhase section */

/* Begin PBXShellScriptBuildPhase section */
		6DA628A217B730F9C49336BC /* [CP] Check Pods Manifest.lock */ = {
			isa = PBXShellScriptBuildPhase;
			buildActionMask = 2147483647;
			files = (
			);
			inputPaths = (
				"${PODS_PODFILE_DIR_PATH}/Podfile.lock",
				"${PODS_ROOT}/Manifest.lock",
			);
			name = "[CP] Check Pods Manifest.lock";
			outputPaths = (
				"$(DERIVED_FILE_DIR)/Pods-UpfulTests-checkManifestLockResult.txt",
			);
			runOnlyForDeploymentPostprocessing = 0;
			shellPath = /bin/sh;
			shellScript = "diff \"${PODS_PODFILE_DIR_PATH}/Podfile.lock\" \"${PODS_ROOT}/Manifest.lock\" > /dev/null\nif [ $? != 0 ] ; then\n    # print error to STDERR\n    echo \"error: The sandbox is not in sync with the Podfile.lock. Run 'pod install' or update your CocoaPods installation.\" >&2\n    exit 1\nfi\n# This output is used by Xcode 'outputs' to avoid re-running this script phase.\necho \"SUCCESS\" > \"${SCRIPT_OUTPUT_FILE_0}\"\n";
			showEnvVarsInLog = 0;
		};
		BA8A5399EEDABAAEA09927E9 /* [CP] Check Pods Manifest.lock */ = {
			isa = PBXShellScriptBuildPhase;
			buildActionMask = 2147483647;
			files = (
			);
			inputPaths = (
				"${PODS_PODFILE_DIR_PATH}/Podfile.lock",
				"${PODS_ROOT}/Manifest.lock",
			);
			name = "[CP] Check Pods Manifest.lock";
			outputPaths = (
				"$(DERIVED_FILE_DIR)/Pods-Upful-checkManifestLockResult.txt",
			);
			runOnlyForDeploymentPostprocessing = 0;
			shellPath = /bin/sh;
			shellScript = "diff \"${PODS_PODFILE_DIR_PATH}/Podfile.lock\" \"${PODS_ROOT}/Manifest.lock\" > /dev/null\nif [ $? != 0 ] ; then\n    # print error to STDERR\n    echo \"error: The sandbox is not in sync with the Podfile.lock. Run 'pod install' or update your CocoaPods installation.\" >&2\n    exit 1\nfi\n# This output is used by Xcode 'outputs' to avoid re-running this script phase.\necho \"SUCCESS\" > \"${SCRIPT_OUTPUT_FILE_0}\"\n";
			showEnvVarsInLog = 0;
		};
		DBAC63ACD445083835E79E46 /* [CP] Embed Pods Frameworks */ = {
			isa = PBXShellScriptBuildPhase;
			buildActionMask = 2147483647;
			files = (
			);
			inputPaths = (
				"${SRCROOT}/Pods/Target Support Files/Pods-Upful/Pods-Upful-frameworks.sh",
				"${BUILT_PRODUCTS_DIR}/SDWebImage/SDWebImage.framework",
			);
			name = "[CP] Embed Pods Frameworks";
			outputPaths = (
				"${TARGET_BUILD_DIR}/${FRAMEWORKS_FOLDER_PATH}/SDWebImage.framework",
			);
			runOnlyForDeploymentPostprocessing = 0;
			shellPath = /bin/sh;
			shellScript = "\"${SRCROOT}/Pods/Target Support Files/Pods-Upful/Pods-Upful-frameworks.sh\"\n";
			showEnvVarsInLog = 0;
		};
/* End PBXShellScriptBuildPhase section */

/* Begin PBXSourcesBuildPhase section */
		3D20FB2122FB1F08007836DD /* Sources */ = {
			isa = PBXSourcesBuildPhase;
			buildActionMask = 2147483647;
			files = (
				3D20FB5A22FB49EC007836DD /* PopularCompanyCell.swift in Sources */,
				3D20FB4C22FB2129007836DD /* UIView+Extensions.swift in Sources */,
				3D20FB5822FB46DD007836DD /* PresetScreenerTableViewCell.swift in Sources */,
				3D20FB5D22FBA772007836DD /* HomeViewModel.swift in Sources */,
				3D20FB6222FBC03F007836DD /* CustomHeaderLabel.swift in Sources */,
				3D20FB2B22FB1F08007836DD /* HomeFeedViewController.swift in Sources */,
				3D20FB2922FB1F08007836DD /* AppDelegate.swift in Sources */,
				3D20FB5222FB3068007836DD /* HomeFeedItem.swift in Sources */,
				3D20FB5F22FBB15E007836DD /* HomeFeedStateCell.swift in Sources */,
				3D20FB4F22FB259D007836DD /* NetworkingService.swift in Sources */,
			);
			runOnlyForDeploymentPostprocessing = 0;
		};
		3D20FB3522FB1F0A007836DD /* Sources */ = {
			isa = PBXSourcesBuildPhase;
			buildActionMask = 2147483647;
			files = (
				3D20FB3E22FB1F0A007836DD /* UpfulTests.swift in Sources */,
			);
			runOnlyForDeploymentPostprocessing = 0;
		};
/* End PBXSourcesBuildPhase section */

/* Begin PBXTargetDependency section */
		3D20FB3B22FB1F0A007836DD /* PBXTargetDependency */ = {
			isa = PBXTargetDependency;
			target = 3D20FB2422FB1F08007836DD /* Upful */;
			targetProxy = 3D20FB3A22FB1F0A007836DD /* PBXContainerItemProxy */;
		};
/* End PBXTargetDependency section */

/* Begin PBXVariantGroup section */
		3D20FB3122FB1F0A007836DD /* LaunchScreen.storyboard */ = {
			isa = PBXVariantGroup;
			children = (
				3D20FB3222FB1F0A007836DD /* Base */,
			);
			name = LaunchScreen.storyboard;
			sourceTree = "<group>";
		};
/* End PBXVariantGroup section */

/* Begin XCBuildConfiguration section */
		3D20FB4022FB1F0A007836DD /* Debug */ = {
			isa = XCBuildConfiguration;
			buildSettings = {
				ALWAYS_SEARCH_USER_PATHS = NO;
				CLANG_ANALYZER_NONNULL = YES;
				CLANG_ANALYZER_NUMBER_OBJECT_CONVERSION = YES_AGGRESSIVE;
				CLANG_CXX_LANGUAGE_STANDARD = "gnu++14";
				CLANG_CXX_LIBRARY = "libc++";
				CLANG_ENABLE_MODULES = YES;
				CLANG_ENABLE_OBJC_ARC = YES;
				CLANG_ENABLE_OBJC_WEAK = YES;
				CLANG_WARN_BLOCK_CAPTURE_AUTORELEASING = YES;
				CLANG_WARN_BOOL_CONVERSION = YES;
				CLANG_WARN_COMMA = YES;
				CLANG_WARN_CONSTANT_CONVERSION = YES;
				CLANG_WARN_DEPRECATED_OBJC_IMPLEMENTATIONS = YES;
				CLANG_WARN_DIRECT_OBJC_ISA_USAGE = YES_ERROR;
				CLANG_WARN_DOCUMENTATION_COMMENTS = YES;
				CLANG_WARN_EMPTY_BODY = YES;
				CLANG_WARN_ENUM_CONVERSION = YES;
				CLANG_WARN_INFINITE_RECURSION = YES;
				CLANG_WARN_INT_CONVERSION = YES;
				CLANG_WARN_NON_LITERAL_NULL_CONVERSION = YES;
				CLANG_WARN_OBJC_IMPLICIT_RETAIN_SELF = YES;
				CLANG_WARN_OBJC_LITERAL_CONVERSION = YES;
				CLANG_WARN_OBJC_ROOT_CLASS = YES_ERROR;
				CLANG_WARN_RANGE_LOOP_ANALYSIS = YES;
				CLANG_WARN_STRICT_PROTOTYPES = YES;
				CLANG_WARN_SUSPICIOUS_MOVE = YES;
				CLANG_WARN_UNGUARDED_AVAILABILITY = YES_AGGRESSIVE;
				CLANG_WARN_UNREACHABLE_CODE = YES;
				CLANG_WARN__DUPLICATE_METHOD_MATCH = YES;
				CODE_SIGN_IDENTITY = "iPhone Developer";
				COPY_PHASE_STRIP = NO;
				DEBUG_INFORMATION_FORMAT = dwarf;
				ENABLE_STRICT_OBJC_MSGSEND = YES;
				ENABLE_TESTABILITY = YES;
				GCC_C_LANGUAGE_STANDARD = gnu11;
				GCC_DYNAMIC_NO_PIC = NO;
				GCC_NO_COMMON_BLOCKS = YES;
				GCC_OPTIMIZATION_LEVEL = 0;
				GCC_PREPROCESSOR_DEFINITIONS = (
					"DEBUG=1",
					"$(inherited)",
				);
				GCC_WARN_64_TO_32_BIT_CONVERSION = YES;
				GCC_WARN_ABOUT_RETURN_TYPE = YES_ERROR;
				GCC_WARN_UNDECLARED_SELECTOR = YES;
				GCC_WARN_UNINITIALIZED_AUTOS = YES_AGGRESSIVE;
				GCC_WARN_UNUSED_FUNCTION = YES;
				GCC_WARN_UNUSED_VARIABLE = YES;
				IPHONEOS_DEPLOYMENT_TARGET = 12.2;
				MTL_ENABLE_DEBUG_INFO = INCLUDE_SOURCE;
				MTL_FAST_MATH = YES;
				ONLY_ACTIVE_ARCH = YES;
				SDKROOT = iphoneos;
				SWIFT_ACTIVE_COMPILATION_CONDITIONS = DEBUG;
				SWIFT_OPTIMIZATION_LEVEL = "-Onone";
			};
			name = Debug;
		};
		3D20FB4122FB1F0A007836DD /* Release */ = {
			isa = XCBuildConfiguration;
			buildSettings = {
				ALWAYS_SEARCH_USER_PATHS = NO;
				CLANG_ANALYZER_NONNULL = YES;
				CLANG_ANALYZER_NUMBER_OBJECT_CONVERSION = YES_AGGRESSIVE;
				CLANG_CXX_LANGUAGE_STANDARD = "gnu++14";
				CLANG_CXX_LIBRARY = "libc++";
				CLANG_ENABLE_MODULES = YES;
				CLANG_ENABLE_OBJC_ARC = YES;
				CLANG_ENABLE_OBJC_WEAK = YES;
				CLANG_WARN_BLOCK_CAPTURE_AUTORELEASING = YES;
				CLANG_WARN_BOOL_CONVERSION = YES;
				CLANG_WARN_COMMA = YES;
				CLANG_WARN_CONSTANT_CONVERSION = YES;
				CLANG_WARN_DEPRECATED_OBJC_IMPLEMENTATIONS = YES;
				CLANG_WARN_DIRECT_OBJC_ISA_USAGE = YES_ERROR;
				CLANG_WARN_DOCUMENTATION_COMMENTS = YES;
				CLANG_WARN_EMPTY_BODY = YES;
				CLANG_WARN_ENUM_CONVERSION = YES;
				CLANG_WARN_INFINITE_RECURSION = YES;
				CLANG_WARN_INT_CONVERSION = YES;
				CLANG_WARN_NON_LITERAL_NULL_CONVERSION = YES;
				CLANG_WARN_OBJC_IMPLICIT_RETAIN_SELF = YES;
				CLANG_WARN_OBJC_LITERAL_CONVERSION = YES;
				CLANG_WARN_OBJC_ROOT_CLASS = YES_ERROR;
				CLANG_WARN_RANGE_LOOP_ANALYSIS = YES;
				CLANG_WARN_STRICT_PROTOTYPES = YES;
				CLANG_WARN_SUSPICIOUS_MOVE = YES;
				CLANG_WARN_UNGUARDED_AVAILABILITY = YES_AGGRESSIVE;
				CLANG_WARN_UNREACHABLE_CODE = YES;
				CLANG_WARN__DUPLICATE_METHOD_MATCH = YES;
				CODE_SIGN_IDENTITY = "iPhone Developer";
				COPY_PHASE_STRIP = NO;
				DEBUG_INFORMATION_FORMAT = "dwarf-with-dsym";
				ENABLE_NS_ASSERTIONS = NO;
				ENABLE_STRICT_OBJC_MSGSEND = YES;
				GCC_C_LANGUAGE_STANDARD = gnu11;
				GCC_NO_COMMON_BLOCKS = YES;
				GCC_WARN_64_TO_32_BIT_CONVERSION = YES;
				GCC_WARN_ABOUT_RETURN_TYPE = YES_ERROR;
				GCC_WARN_UNDECLARED_SELECTOR = YES;
				GCC_WARN_UNINITIALIZED_AUTOS = YES_AGGRESSIVE;
				GCC_WARN_UNUSED_FUNCTION = YES;
				GCC_WARN_UNUSED_VARIABLE = YES;
				IPHONEOS_DEPLOYMENT_TARGET = 12.2;
				MTL_ENABLE_DEBUG_INFO = NO;
				MTL_FAST_MATH = YES;
				SDKROOT = iphoneos;
				SWIFT_COMPILATION_MODE = wholemodule;
				SWIFT_OPTIMIZATION_LEVEL = "-O";
				VALIDATE_PRODUCT = YES;
			};
			name = Release;
		};
		3D20FB4322FB1F0A007836DD /* Debug */ = {
			isa = XCBuildConfiguration;
			baseConfigurationReference = 023AAB374D3059C075004339 /* Pods-Upful.debug.xcconfig */;
			buildSettings = {
				ASSETCATALOG_COMPILER_APPICON_NAME = AppIcon;
				CODE_SIGN_STYLE = Automatic;
				DEVELOPMENT_TEAM = DNPC864748;
				INFOPLIST_FILE = Upful/Info.plist;
				LD_RUNPATH_SEARCH_PATHS = (
					"$(inherited)",
					"@executable_path/Frameworks",
				);
				PRODUCT_BUNDLE_IDENTIFIER = com.syanik.Upful;
				PRODUCT_NAME = "$(TARGET_NAME)";
				SWIFT_VERSION = 5.0;
				TARGETED_DEVICE_FAMILY = 1;
			};
			name = Debug;
		};
		3D20FB4422FB1F0A007836DD /* Release */ = {
			isa = XCBuildConfiguration;
			baseConfigurationReference = D6464D4EB0D76DB0F09D0648 /* Pods-Upful.release.xcconfig */;
			buildSettings = {
				ASSETCATALOG_COMPILER_APPICON_NAME = AppIcon;
				CODE_SIGN_STYLE = Automatic;
				DEVELOPMENT_TEAM = DNPC864748;
				INFOPLIST_FILE = Upful/Info.plist;
				LD_RUNPATH_SEARCH_PATHS = (
					"$(inherited)",
					"@executable_path/Frameworks",
				);
				PRODUCT_BUNDLE_IDENTIFIER = com.syanik.Upful;
				PRODUCT_NAME = "$(TARGET_NAME)";
				SWIFT_VERSION = 5.0;
				TARGETED_DEVICE_FAMILY = 1;
			};
			name = Release;
		};
		3D20FB4622FB1F0A007836DD /* Debug */ = {
			isa = XCBuildConfiguration;
			baseConfigurationReference = 9315B80D35508D89B49F5501 /* Pods-UpfulTests.debug.xcconfig */;
			buildSettings = {
				ALWAYS_EMBED_SWIFT_STANDARD_LIBRARIES = YES;
				BUNDLE_LOADER = "$(TEST_HOST)";
				CODE_SIGN_STYLE = Automatic;
				DEVELOPMENT_TEAM = DNPC864748;
				INFOPLIST_FILE = UpfulTests/Info.plist;
				LD_RUNPATH_SEARCH_PATHS = (
					"$(inherited)",
					"@executable_path/Frameworks",
					"@loader_path/Frameworks",
				);
				PRODUCT_BUNDLE_IDENTIFIER = com.syanik.UpfulTests;
				PRODUCT_NAME = "$(TARGET_NAME)";
				SWIFT_VERSION = 5.0;
				TARGETED_DEVICE_FAMILY = "1,2";
				TEST_HOST = "$(BUILT_PRODUCTS_DIR)/Upful.app/Upful";
			};
			name = Debug;
		};
		3D20FB4722FB1F0A007836DD /* Release */ = {
			isa = XCBuildConfiguration;
			baseConfigurationReference = 8A3615F7902317CD398E45C9 /* Pods-UpfulTests.release.xcconfig */;
			buildSettings = {
				ALWAYS_EMBED_SWIFT_STANDARD_LIBRARIES = YES;
				BUNDLE_LOADER = "$(TEST_HOST)";
				CODE_SIGN_STYLE = Automatic;
				DEVELOPMENT_TEAM = DNPC864748;
				INFOPLIST_FILE = UpfulTests/Info.plist;
				LD_RUNPATH_SEARCH_PATHS = (
					"$(inherited)",
					"@executable_path/Frameworks",
					"@loader_path/Frameworks",
				);
				PRODUCT_BUNDLE_IDENTIFIER = com.syanik.UpfulTests;
				PRODUCT_NAME = "$(TARGET_NAME)";
				SWIFT_VERSION = 5.0;
				TARGETED_DEVICE_FAMILY = "1,2";
				TEST_HOST = "$(BUILT_PRODUCTS_DIR)/Upful.app/Upful";
			};
			name = Release;
		};
/* End XCBuildConfiguration section */

/* Begin XCConfigurationList section */
		3D20FB2022FB1F08007836DD /* Build configuration list for PBXProject "Upful" */ = {
			isa = XCConfigurationList;
			buildConfigurations = (
				3D20FB4022FB1F0A007836DD /* Debug */,
				3D20FB4122FB1F0A007836DD /* Release */,
			);
			defaultConfigurationIsVisible = 0;
			defaultConfigurationName = Release;
		};
		3D20FB4222FB1F0A007836DD /* Build configuration list for PBXNativeTarget "Upful" */ = {
			isa = XCConfigurationList;
			buildConfigurations = (
				3D20FB4322FB1F0A007836DD /* Debug */,
				3D20FB4422FB1F0A007836DD /* Release */,
			);
			defaultConfigurationIsVisible = 0;
			defaultConfigurationName = Release;
		};
		3D20FB4522FB1F0A007836DD /* Build configuration list for PBXNativeTarget "UpfulTests" */ = {
			isa = XCConfigurationList;
			buildConfigurations = (
				3D20FB4622FB1F0A007836DD /* Debug */,
				3D20FB4722FB1F0A007836DD /* Release */,
			);
			defaultConfigurationIsVisible = 0;
			defaultConfigurationName = Release;
		};
/* End XCConfigurationList section */
	};
	rootObject = 3D20FB1D22FB1F08007836DD /* Project object */;
}
