// !$*UTF8*$!
{
	archiveVersion = 1;
	classes = {
	};
	objectVersion = 50;
	objects = {

/* Begin PBXBuildFile section */
		3D20FB2922FB1F08007836DD /* AppDelegate.swift in Sources */ = {isa = PBXBuildFile; fileRef = 3D20FB2822FB1F08007836DD /* AppDelegate.swift */; };
		3D20FB2B22FB1F08007836DD /* HomeFeedViewController.swift in Sources */ = {isa = PBXBuildFile; fileRef = 3D20FB2A22FB1F08007836DD /* HomeFeedViewController.swift */; };
		3D20FB3022FB1F0A007836DD /* Assets.xcassets in Resources */ = {isa = PBXBuildFile; fileRef = 3D20FB2F22FB1F0A007836DD /* Assets.xcassets */; };
		3D20FB3322FB1F0A007836DD /* LaunchScreen.storyboard in Resources */ = {isa = PBXBuildFile; fileRef = 3D20FB3122FB1F0A007836DD /* LaunchScreen.storyboard */; };
		3D20FB3E22FB1F0A007836DD /* UpfulTests.swift in Sources */ = {isa = PBXBuildFile; fileRef = 3D20FB3D22FB1F0A007836DD /* UpfulTests.swift */; };
		3D20FB4C22FB2129007836DD /* UIView+Extensions.swift in Sources */ = {isa = PBXBuildFile; fileRef = 3D20FB4B22FB2129007836DD /* UIView+Extensions.swift */; };
		3D20FB4F22FB259D007836DD /* NetworkingService.swift in Sources */ = {isa = PBXBuildFile; fileRef = 3D20FB4E22FB259D007836DD /* NetworkingService.swift */; };
		3D20FB5222FB3068007836DD /* FeedItem.swift in Sources */ = {isa = PBXBuildFile; fileRef = 3D20FB5122FB3068007836DD /* FeedItem.swift */; };
		3D20FB5822FB46DD007836DD /* PresetScreenerTableViewCell.swift in Sources */ = {isa = PBXBuildFile; fileRef = 3D20FB5722FB46DD007836DD /* PresetScreenerTableViewCell.swift */; };
		3D20FB5A22FB49EC007836DD /* PopularCompanyCell.swift in Sources */ = {isa = PBXBuildFile; fileRef = 3D20FB5922FB49EC007836DD /* PopularCompanyCell.swift */; };
		3D20FB5D22FBA772007836DD /* HomeViewModel.swift in Sources */ = {isa = PBXBuildFile; fileRef = 3D20FB5C22FBA772007836DD /* HomeViewModel.swift */; };
		3D20FB6222FBC03F007836DD /* CustomHeaderLabel.swift in Sources */ = {isa = PBXBuildFile; fileRef = 3D20FB6122FBC03F007836DD /* CustomHeaderLabel.swift */; };
		3D2F963C230F4922003811AB /* StockOverviewViewController.swift in Sources */ = {isa = PBXBuildFile; fileRef = 3D2F963B230F4922003811AB /* StockOverviewViewController.swift */; };
		3D2F96412312B036003811AB /* MixpanelAnalytics.swift in Sources */ = {isa = PBXBuildFile; fileRef = 3D2F96402312B036003811AB /* MixpanelAnalytics.swift */; };
		3D2F96432312D44B003811AB /* GoogleAnalytics.swift in Sources */ = {isa = PBXBuildFile; fileRef = 3D2F96422312D44B003811AB /* GoogleAnalytics.swift */; };
		3D2F96452312D4AF003811AB /* AnalyticsMapper.swift in Sources */ = {isa = PBXBuildFile; fileRef = 3D2F96442312D4AF003811AB /* AnalyticsMapper.swift */; };
		3D2F96472315C072003811AB /* CustomLargeButton.swift in Sources */ = {isa = PBXBuildFile; fileRef = 3D2F96462315C072003811AB /* CustomLargeButton.swift */; };
		3D2F964B2315CD34003811AB /* BarChartView.swift in Sources */ = {isa = PBXBuildFile; fileRef = 3D2F964A2315CD34003811AB /* BarChartView.swift */; };
		3D2F964D23169CC7003811AB /* BarGraphTableViewCell.swift in Sources */ = {isa = PBXBuildFile; fileRef = 3D2F964C23169CC7003811AB /* BarGraphTableViewCell.swift */; };
		3D2F965423169D31003811AB /* DetailsHeaderView.swift in Sources */ = {isa = PBXBuildFile; fileRef = 3D2F965323169D31003811AB /* DetailsHeaderView.swift */; };
		3D2F965623169E9C003811AB /* DetailsCalculationsCell.swift in Sources */ = {isa = PBXBuildFile; fileRef = 3D2F965523169E9C003811AB /* DetailsCalculationsCell.swift */; };
		3D2F965823171F52003811AB /* CompanyNewsCell.swift in Sources */ = {isa = PBXBuildFile; fileRef = 3D2F965723171F52003811AB /* CompanyNewsCell.swift */; };
		3D2F965A2318C6E7003811AB /* ValuationSectionView.swift in Sources */ = {isa = PBXBuildFile; fileRef = 3D2F96592318C6E7003811AB /* ValuationSectionView.swift */; };
		3D2F965D2318CC4E003811AB /* FinancialSectionView.swift in Sources */ = {isa = PBXBuildFile; fileRef = 3D2F965C2318CC4E003811AB /* FinancialSectionView.swift */; };
		3D2F965F2318D16A003811AB /* GrowthSectionView.swift in Sources */ = {isa = PBXBuildFile; fileRef = 3D2F965E2318D16A003811AB /* GrowthSectionView.swift */; };
		3D2F966123196881003811AB /* SpacerView.swift in Sources */ = {isa = PBXBuildFile; fileRef = 3D2F966023196881003811AB /* SpacerView.swift */; };
		3D2F9663231A16B7003811AB /* CompanyNewsModel.swift in Sources */ = {isa = PBXBuildFile; fileRef = 3D2F9662231A16B7003811AB /* CompanyNewsModel.swift */; };
		3D2F9665231B7488003811AB /* String+Extensions.swift in Sources */ = {isa = PBXBuildFile; fileRef = 3D2F9664231B7488003811AB /* String+Extensions.swift */; };
		3D42BE4123098BD200806AFF /* ResultsTableViewCell.swift in Sources */ = {isa = PBXBuildFile; fileRef = 3D42BE4023098BD200806AFF /* ResultsTableViewCell.swift */; };
		3D42BE452309A55900806AFF /* PresetScreener.swift in Sources */ = {isa = PBXBuildFile; fileRef = 3D42BE442309A55900806AFF /* PresetScreener.swift */; };
		3D42BE492309A59800806AFF /* Screener.swift in Sources */ = {isa = PBXBuildFile; fileRef = 3D42BE482309A59800806AFF /* Screener.swift */; };
		3D42BE50230C421D00806AFF /* StockDetailsStackView.swift in Sources */ = {isa = PBXBuildFile; fileRef = 3D42BE4F230C421D00806AFF /* StockDetailsStackView.swift */; };
		3D42BE52230C672C00806AFF /* CompanyFundamentals.swift in Sources */ = {isa = PBXBuildFile; fileRef = 3D42BE51230C672C00806AFF /* CompanyFundamentals.swift */; };
		3D42BE55230C86B600806AFF /* Int+Extensions.swift in Sources */ = {isa = PBXBuildFile; fileRef = 3D42BE54230C86B600806AFF /* Int+Extensions.swift */; };
		3D42BE58230E26A900806AFF /* UITableView+Extensions.swift in Sources */ = {isa = PBXBuildFile; fileRef = 3D42BE57230E26A900806AFF /* UITableView+Extensions.swift */; };
		3D4D8608231C5B5D0065CF9F /* StockSearchViewController.swift in Sources */ = {isa = PBXBuildFile; fileRef = 3D4D8607231C5B5D0065CF9F /* StockSearchViewController.swift */; };
		3D586518231C8AEB00495D79 /* StockSearchCell.swift in Sources */ = {isa = PBXBuildFile; fileRef = 3D586517231C8AEB00495D79 /* StockSearchCell.swift */; };
		3D58651A231C946600495D79 /* AppStoreReviewHelper.swift in Sources */ = {isa = PBXBuildFile; fileRef = 3D586519231C946600495D79 /* AppStoreReviewHelper.swift */; };
		3D58651C231D777C00495D79 /* TableHeaderView.swift in Sources */ = {isa = PBXBuildFile; fileRef = 3D58651B231D777C00495D79 /* TableHeaderView.swift */; };
		3D58651F231DE67B00495D79 /* Constants.swift in Sources */ = {isa = PBXBuildFile; fileRef = 3D58651E231DE67B00495D79 /* Constants.swift */; };
		3D5865242321E61400495D79 /* Preset Screener.swift in Sources */ = {isa = PBXBuildFile; fileRef = 3D5865232321E61400495D79 /* Preset Screener.swift */; };
		3D5865262323024A00495D79 /* PieChartView.swift in Sources */ = {isa = PBXBuildFile; fileRef = 3D5865252323024A00495D79 /* PieChartView.swift */; };
		3D90ADB122FFC33C00C52455 /* UIColor+Extensions.swift in Sources */ = {isa = PBXBuildFile; fileRef = 3D90ADB022FFC33C00C52455 /* UIColor+Extensions.swift */; };
		3D90ADB52301971500C52455 /* ManualSearchParametersTableViewController.swift in Sources */ = {isa = PBXBuildFile; fileRef = 3D90ADB42301971500C52455 /* ManualSearchParametersTableViewController.swift */; };
		3D90ADB82301995600C52455 /* ManualSearchHeaderView.swift in Sources */ = {isa = PBXBuildFile; fileRef = 3D90ADB72301995600C52455 /* ManualSearchHeaderView.swift */; };
		3D90ADBA2301BE0F00C52455 /* Double+Extensions.swift in Sources */ = {isa = PBXBuildFile; fileRef = 3D90ADB92301BE0F00C52455 /* Double+Extensions.swift */; };
		3D917B4422FC84C4001D5E39 /* UIFont+Extensions.swift in Sources */ = {isa = PBXBuildFile; fileRef = 3D917B4322FC84C4001D5E39 /* UIFont+Extensions.swift */; };
		3D917B4622FD2D7E001D5E39 /* GoogleService-Info.plist in Resources */ = {isa = PBXBuildFile; fileRef = 3D917B4522FD2D7E001D5E39 /* GoogleService-Info.plist */; };
		3D917B4E22FE006D001D5E39 /* ManualSearchModel.swift in Sources */ = {isa = PBXBuildFile; fileRef = 3D917B4D22FE006D001D5E39 /* ManualSearchModel.swift */; };
		3D917B5222FE0542001D5E39 /* ManualSearchViewController.swift in Sources */ = {isa = PBXBuildFile; fileRef = 3D917B5122FE0542001D5E39 /* ManualSearchViewController.swift */; };
		3D917B5622FE088F001D5E39 /* UIViewController+Extensions.swift in Sources */ = {isa = PBXBuildFile; fileRef = 3D917B5522FE088F001D5E39 /* UIViewController+Extensions.swift */; };
		3D917B5A22FE24C4001D5E39 /* SearchCriteriaTableViewController.swift in Sources */ = {isa = PBXBuildFile; fileRef = 3D917B5922FE24C4001D5E39 /* SearchCriteriaTableViewController.swift */; };
		3DA54086232B361B00EE477C /* MenuViewProtocols.swift in Sources */ = {isa = PBXBuildFile; fileRef = 3DA54085232B361B00EE477C /* MenuViewProtocols.swift */; };
		3DA54089232B364000EE477C /* MenuViewContainer.swift in Sources */ = {isa = PBXBuildFile; fileRef = 3DA54088232B364000EE477C /* MenuViewContainer.swift */; };
		3DA5408C232B366F00EE477C /* MenuViewHeader.swift in Sources */ = {isa = PBXBuildFile; fileRef = 3DA5408B232B366F00EE477C /* MenuViewHeader.swift */; };
		3DA5408F232B37C700EE477C /* HomeFeedContainer.swift in Sources */ = {isa = PBXBuildFile; fileRef = 3DA5408E232B37C700EE477C /* HomeFeedContainer.swift */; };
		3DC4ED3222FE6EF700232155 /* ScreenResultsVC.swift in Sources */ = {isa = PBXBuildFile; fileRef = 3DC4ED3122FE6EF700232155 /* ScreenResultsVC.swift */; };
		3DC4ED3522FF02A000232155 /* IntrinioAPI.swift in Sources */ = {isa = PBXBuildFile; fileRef = 3DC4ED3422FF02A000232155 /* IntrinioAPI.swift */; };
		3DF5FBA2232BB9BB00856205 /* StockDetailsContainerView.swift in Sources */ = {isa = PBXBuildFile; fileRef = 3DF5FBA1232BB9BB00856205 /* StockDetailsContainerView.swift */; };
		3DF5FBA4232BF44300856205 /* StockAnalysisViewController.swift in Sources */ = {isa = PBXBuildFile; fileRef = 3DF5FBA3232BF44300856205 /* StockAnalysisViewController.swift */; };
		3DF5FBAC232BFAC800856205 /* AnalysisGraphView.swift in Sources */ = {isa = PBXBuildFile; fileRef = 3DF5FBAB232BFAC800856205 /* AnalysisGraphView.swift */; };
		3DF5FBB0232BFCF100856205 /* AnalysisChartCell.swift in Sources */ = {isa = PBXBuildFile; fileRef = 3DF5FBAF232BFCF100856205 /* AnalysisChartCell.swift */; };
		3DF5FBB2232F16F300856205 /* SearchSelectionVIewController.swift in Sources */ = {isa = PBXBuildFile; fileRef = 3DF5FBB1232F16F300856205 /* SearchSelectionVIewController.swift */; };
		3DF5FBB5232FA48600856205 /* MenuBarControl.swift in Sources */ = {isa = PBXBuildFile; fileRef = 3DF5FBB4232FA48600856205 /* MenuBarControl.swift */; };
		3DF5FBB92330FF6D00856205 /* CompanyFillings.swift in Sources */ = {isa = PBXBuildFile; fileRef = 3DF5FBB82330FF6D00856205 /* CompanyFillings.swift */; };
		3DF5FBBB233114D700856205 /* CompanyReportsCell.swift in Sources */ = {isa = PBXBuildFile; fileRef = 3DF5FBBA233114D700856205 /* CompanyReportsCell.swift */; };
		6EFBDDEF75650ADE9A43846E /* Pods_Upful_UpfulTests.framework in Frameworks */ = {isa = PBXBuildFile; fileRef = 93827783A5ED4D3B1AC1DB9F /* Pods_Upful_UpfulTests.framework */; };
		9EACA51EBDB9027C65ED019D /* Pods_UpfulTests.framework in Frameworks */ = {isa = PBXBuildFile; fileRef = BC0A134A6E928314BD6D8405 /* Pods_UpfulTests.framework */; };
		DBF9A52BC5915E42042B6760 /* Pods_Upful.framework in Frameworks */ = {isa = PBXBuildFile; fileRef = 59C76C07469A281B054B28FF /* Pods_Upful.framework */; };
/* End PBXBuildFile section */

/* Begin PBXContainerItemProxy section */
		3D20FB3A22FB1F0A007836DD /* PBXContainerItemProxy */ = {
			isa = PBXContainerItemProxy;
			containerPortal = 3D20FB1D22FB1F08007836DD /* Project object */;
			proxyType = 1;
			remoteGlobalIDString = 3D20FB2422FB1F08007836DD;
			remoteInfo = Upful;
		};
/* End PBXContainerItemProxy section */

/* Begin PBXFileReference section */
		023AAB374D3059C075004339 /* Pods-Upful.debug.xcconfig */ = {isa = PBXFileReference; includeInIndex = 1; lastKnownFileType = text.xcconfig; name = "Pods-Upful.debug.xcconfig"; path = "Pods/Target Support Files/Pods-Upful/Pods-Upful.debug.xcconfig"; sourceTree = "<group>"; };
		3D0A0B595AE359D529B34D3F /* Pods-Upful-UpfulTests.release.xcconfig */ = {isa = PBXFileReference; includeInIndex = 1; lastKnownFileType = text.xcconfig; name = "Pods-Upful-UpfulTests.release.xcconfig"; path = "Pods/Target Support Files/Pods-Upful-UpfulTests/Pods-Upful-UpfulTests.release.xcconfig"; sourceTree = "<group>"; };
		3D20FB2522FB1F08007836DD /* Upful.app */ = {isa = PBXFileReference; explicitFileType = wrapper.application; includeInIndex = 0; path = Upful.app; sourceTree = BUILT_PRODUCTS_DIR; };
		3D20FB2822FB1F08007836DD /* AppDelegate.swift */ = {isa = PBXFileReference; lastKnownFileType = sourcecode.swift; path = AppDelegate.swift; sourceTree = "<group>"; };
		3D20FB2A22FB1F08007836DD /* HomeFeedViewController.swift */ = {isa = PBXFileReference; lastKnownFileType = sourcecode.swift; path = HomeFeedViewController.swift; sourceTree = "<group>"; };
		3D20FB2F22FB1F0A007836DD /* Assets.xcassets */ = {isa = PBXFileReference; lastKnownFileType = folder.assetcatalog; path = Assets.xcassets; sourceTree = "<group>"; };
		3D20FB3222FB1F0A007836DD /* Base */ = {isa = PBXFileReference; lastKnownFileType = file.storyboard; name = Base; path = Base.lproj/LaunchScreen.storyboard; sourceTree = "<group>"; };
		3D20FB3422FB1F0A007836DD /* Info.plist */ = {isa = PBXFileReference; lastKnownFileType = text.plist.xml; path = Info.plist; sourceTree = "<group>"; };
		3D20FB3922FB1F0A007836DD /* UpfulTests.xctest */ = {isa = PBXFileReference; explicitFileType = wrapper.cfbundle; includeInIndex = 0; path = UpfulTests.xctest; sourceTree = BUILT_PRODUCTS_DIR; };
		3D20FB3D22FB1F0A007836DD /* UpfulTests.swift */ = {isa = PBXFileReference; lastKnownFileType = sourcecode.swift; path = UpfulTests.swift; sourceTree = "<group>"; };
		3D20FB3F22FB1F0A007836DD /* Info.plist */ = {isa = PBXFileReference; lastKnownFileType = text.plist.xml; path = Info.plist; sourceTree = "<group>"; };
		3D20FB4B22FB2129007836DD /* UIView+Extensions.swift */ = {isa = PBXFileReference; lastKnownFileType = sourcecode.swift; path = "UIView+Extensions.swift"; sourceTree = "<group>"; };
		3D20FB4E22FB259D007836DD /* NetworkingService.swift */ = {isa = PBXFileReference; lastKnownFileType = sourcecode.swift; path = NetworkingService.swift; sourceTree = "<group>"; };
		3D20FB5122FB3068007836DD /* FeedItem.swift */ = {isa = PBXFileReference; lastKnownFileType = sourcecode.swift; path = FeedItem.swift; sourceTree = "<group>"; };
		3D20FB5722FB46DD007836DD /* PresetScreenerTableViewCell.swift */ = {isa = PBXFileReference; lastKnownFileType = sourcecode.swift; path = PresetScreenerTableViewCell.swift; sourceTree = "<group>"; };
		3D20FB5922FB49EC007836DD /* PopularCompanyCell.swift */ = {isa = PBXFileReference; lastKnownFileType = sourcecode.swift; path = PopularCompanyCell.swift; sourceTree = "<group>"; };
		3D20FB5C22FBA772007836DD /* HomeViewModel.swift */ = {isa = PBXFileReference; lastKnownFileType = sourcecode.swift; path = HomeViewModel.swift; sourceTree = "<group>"; };
		3D20FB6122FBC03F007836DD /* CustomHeaderLabel.swift */ = {isa = PBXFileReference; lastKnownFileType = sourcecode.swift; path = CustomHeaderLabel.swift; sourceTree = "<group>"; };
		3D2E37D72303942100DE8D12 /* GoogleMobileAds.framework */ = {isa = PBXFileReference; lastKnownFileType = wrapper.framework; name = GoogleMobileAds.framework; path = "../../Downloads/GoogleMobileAdsSdkiOS-7.48.0/GoogleMobileAds.framework"; sourceTree = "<group>"; };
		3D2E37D92303946800DE8D12 /* GoogleUtilities.framework */ = {isa = PBXFileReference; lastKnownFileType = wrapper.framework; name = GoogleUtilities.framework; path = "../../Downloads/GoogleMobileAdsSdkiOS-7.48.0/GoogleUtilities.framework"; sourceTree = "<group>"; };
		3D2E37DA2303946800DE8D12 /* GoogleAppMeasurement.framework */ = {isa = PBXFileReference; lastKnownFileType = wrapper.framework; name = GoogleAppMeasurement.framework; path = "../../Downloads/GoogleMobileAdsSdkiOS-7.48.0/GoogleAppMeasurement.framework"; sourceTree = "<group>"; };
		3D2E37DB2303946800DE8D12 /* nanopb.framework */ = {isa = PBXFileReference; lastKnownFileType = wrapper.framework; name = nanopb.framework; path = "../../Downloads/GoogleMobileAdsSdkiOS-7.48.0/nanopb.framework"; sourceTree = "<group>"; };
		3D2F963B230F4922003811AB /* StockOverviewViewController.swift */ = {isa = PBXFileReference; lastKnownFileType = sourcecode.swift; path = StockOverviewViewController.swift; sourceTree = "<group>"; };
		3D2F96402312B036003811AB /* MixpanelAnalytics.swift */ = {isa = PBXFileReference; lastKnownFileType = sourcecode.swift; path = MixpanelAnalytics.swift; sourceTree = "<group>"; };
		3D2F96422312D44B003811AB /* GoogleAnalytics.swift */ = {isa = PBXFileReference; lastKnownFileType = sourcecode.swift; path = GoogleAnalytics.swift; sourceTree = "<group>"; };
		3D2F96442312D4AF003811AB /* AnalyticsMapper.swift */ = {isa = PBXFileReference; lastKnownFileType = sourcecode.swift; path = AnalyticsMapper.swift; sourceTree = "<group>"; };
		3D2F96462315C072003811AB /* CustomLargeButton.swift */ = {isa = PBXFileReference; lastKnownFileType = sourcecode.swift; path = CustomLargeButton.swift; sourceTree = "<group>"; };
		3D2F964A2315CD34003811AB /* BarChartView.swift */ = {isa = PBXFileReference; lastKnownFileType = sourcecode.swift; path = BarChartView.swift; sourceTree = "<group>"; };
		3D2F964C23169CC7003811AB /* BarGraphTableViewCell.swift */ = {isa = PBXFileReference; lastKnownFileType = sourcecode.swift; path = BarGraphTableViewCell.swift; sourceTree = "<group>"; };
		3D2F965323169D31003811AB /* DetailsHeaderView.swift */ = {isa = PBXFileReference; lastKnownFileType = sourcecode.swift; path = DetailsHeaderView.swift; sourceTree = "<group>"; };
		3D2F965523169E9C003811AB /* DetailsCalculationsCell.swift */ = {isa = PBXFileReference; lastKnownFileType = sourcecode.swift; path = DetailsCalculationsCell.swift; sourceTree = "<group>"; };
		3D2F965723171F52003811AB /* CompanyNewsCell.swift */ = {isa = PBXFileReference; lastKnownFileType = sourcecode.swift; path = CompanyNewsCell.swift; sourceTree = "<group>"; };
		3D2F96592318C6E7003811AB /* ValuationSectionView.swift */ = {isa = PBXFileReference; lastKnownFileType = sourcecode.swift; path = ValuationSectionView.swift; sourceTree = "<group>"; };
		3D2F965C2318CC4E003811AB /* FinancialSectionView.swift */ = {isa = PBXFileReference; lastKnownFileType = sourcecode.swift; path = FinancialSectionView.swift; sourceTree = "<group>"; };
		3D2F965E2318D16A003811AB /* GrowthSectionView.swift */ = {isa = PBXFileReference; lastKnownFileType = sourcecode.swift; path = GrowthSectionView.swift; sourceTree = "<group>"; };
		3D2F966023196881003811AB /* SpacerView.swift */ = {isa = PBXFileReference; lastKnownFileType = sourcecode.swift; path = SpacerView.swift; sourceTree = "<group>"; };
		3D2F9662231A16B7003811AB /* CompanyNewsModel.swift */ = {isa = PBXFileReference; lastKnownFileType = sourcecode.swift; path = CompanyNewsModel.swift; sourceTree = "<group>"; };
		3D2F9664231B7488003811AB /* String+Extensions.swift */ = {isa = PBXFileReference; lastKnownFileType = sourcecode.swift; path = "String+Extensions.swift"; sourceTree = "<group>"; };
		3D42BE4023098BD200806AFF /* ResultsTableViewCell.swift */ = {isa = PBXFileReference; lastKnownFileType = sourcecode.swift; path = ResultsTableViewCell.swift; sourceTree = "<group>"; };
		3D42BE442309A55900806AFF /* PresetScreener.swift */ = {isa = PBXFileReference; lastKnownFileType = sourcecode.swift; path = PresetScreener.swift; sourceTree = "<group>"; };
		3D42BE482309A59800806AFF /* Screener.swift */ = {isa = PBXFileReference; lastKnownFileType = sourcecode.swift; path = Screener.swift; sourceTree = "<group>"; };
		3D42BE4F230C421D00806AFF /* StockDetailsStackView.swift */ = {isa = PBXFileReference; lastKnownFileType = sourcecode.swift; path = StockDetailsStackView.swift; sourceTree = "<group>"; };
		3D42BE51230C672C00806AFF /* CompanyFundamentals.swift */ = {isa = PBXFileReference; lastKnownFileType = sourcecode.swift; path = CompanyFundamentals.swift; sourceTree = "<group>"; };
		3D42BE54230C86B600806AFF /* Int+Extensions.swift */ = {isa = PBXFileReference; lastKnownFileType = sourcecode.swift; path = "Int+Extensions.swift"; sourceTree = "<group>"; };
		3D42BE57230E26A900806AFF /* UITableView+Extensions.swift */ = {isa = PBXFileReference; lastKnownFileType = sourcecode.swift; path = "UITableView+Extensions.swift"; sourceTree = "<group>"; };
		3D4D8607231C5B5D0065CF9F /* StockSearchViewController.swift */ = {isa = PBXFileReference; lastKnownFileType = sourcecode.swift; path = StockSearchViewController.swift; sourceTree = "<group>"; };
		3D586517231C8AEB00495D79 /* StockSearchCell.swift */ = {isa = PBXFileReference; lastKnownFileType = sourcecode.swift; path = StockSearchCell.swift; sourceTree = "<group>"; };
		3D586519231C946600495D79 /* AppStoreReviewHelper.swift */ = {isa = PBXFileReference; lastKnownFileType = sourcecode.swift; path = AppStoreReviewHelper.swift; sourceTree = "<group>"; };
		3D58651B231D777C00495D79 /* TableHeaderView.swift */ = {isa = PBXFileReference; lastKnownFileType = sourcecode.swift; path = TableHeaderView.swift; sourceTree = "<group>"; };
		3D58651E231DE67B00495D79 /* Constants.swift */ = {isa = PBXFileReference; lastKnownFileType = sourcecode.swift; path = Constants.swift; sourceTree = "<group>"; };
		3D5865232321E61400495D79 /* Preset Screener.swift */ = {isa = PBXFileReference; lastKnownFileType = sourcecode.swift; path = "Preset Screener.swift"; sourceTree = "<group>"; };
		3D5865252323024A00495D79 /* PieChartView.swift */ = {isa = PBXFileReference; lastKnownFileType = sourcecode.swift; path = PieChartView.swift; sourceTree = "<group>"; };
		3D90ADB022FFC33C00C52455 /* UIColor+Extensions.swift */ = {isa = PBXFileReference; lastKnownFileType = sourcecode.swift; path = "UIColor+Extensions.swift"; sourceTree = "<group>"; };
		3D90ADB42301971500C52455 /* ManualSearchParametersTableViewController.swift */ = {isa = PBXFileReference; lastKnownFileType = sourcecode.swift; path = ManualSearchParametersTableViewController.swift; sourceTree = "<group>"; };
		3D90ADB72301995600C52455 /* ManualSearchHeaderView.swift */ = {isa = PBXFileReference; lastKnownFileType = sourcecode.swift; path = ManualSearchHeaderView.swift; sourceTree = "<group>"; };
		3D90ADB92301BE0F00C52455 /* Double+Extensions.swift */ = {isa = PBXFileReference; lastKnownFileType = sourcecode.swift; path = "Double+Extensions.swift"; sourceTree = "<group>"; };
		3D917B4322FC84C4001D5E39 /* UIFont+Extensions.swift */ = {isa = PBXFileReference; lastKnownFileType = sourcecode.swift; path = "UIFont+Extensions.swift"; sourceTree = "<group>"; };
		3D917B4522FD2D7E001D5E39 /* GoogleService-Info.plist */ = {isa = PBXFileReference; fileEncoding = 4; lastKnownFileType = text.plist.xml; path = "GoogleService-Info.plist"; sourceTree = "<group>"; };
		3D917B4D22FE006D001D5E39 /* ManualSearchModel.swift */ = {isa = PBXFileReference; lastKnownFileType = sourcecode.swift; path = ManualSearchModel.swift; sourceTree = "<group>"; };
		3D917B5122FE0542001D5E39 /* ManualSearchViewController.swift */ = {isa = PBXFileReference; lastKnownFileType = sourcecode.swift; path = ManualSearchViewController.swift; sourceTree = "<group>"; };
		3D917B5522FE088F001D5E39 /* UIViewController+Extensions.swift */ = {isa = PBXFileReference; lastKnownFileType = sourcecode.swift; path = "UIViewController+Extensions.swift"; sourceTree = "<group>"; };
		3D917B5922FE24C4001D5E39 /* SearchCriteriaTableViewController.swift */ = {isa = PBXFileReference; lastKnownFileType = sourcecode.swift; path = SearchCriteriaTableViewController.swift; sourceTree = "<group>"; };
		3DA54085232B361B00EE477C /* MenuViewProtocols.swift */ = {isa = PBXFileReference; lastKnownFileType = sourcecode.swift; path = MenuViewProtocols.swift; sourceTree = "<group>"; };
		3DA54088232B364000EE477C /* MenuViewContainer.swift */ = {isa = PBXFileReference; lastKnownFileType = sourcecode.swift; path = MenuViewContainer.swift; sourceTree = "<group>"; };
		3DA5408B232B366F00EE477C /* MenuViewHeader.swift */ = {isa = PBXFileReference; lastKnownFileType = sourcecode.swift; path = MenuViewHeader.swift; sourceTree = "<group>"; };
		3DA5408E232B37C700EE477C /* HomeFeedContainer.swift */ = {isa = PBXFileReference; lastKnownFileType = sourcecode.swift; path = HomeFeedContainer.swift; sourceTree = "<group>"; };
		3DC4ED3122FE6EF700232155 /* ScreenResultsVC.swift */ = {isa = PBXFileReference; lastKnownFileType = sourcecode.swift; path = ScreenResultsVC.swift; sourceTree = "<group>"; };
		3DC4ED3422FF02A000232155 /* IntrinioAPI.swift */ = {isa = PBXFileReference; lastKnownFileType = sourcecode.swift; path = IntrinioAPI.swift; sourceTree = "<group>"; };
		3DF5FBA1232BB9BB00856205 /* StockDetailsContainerView.swift */ = {isa = PBXFileReference; lastKnownFileType = sourcecode.swift; path = StockDetailsContainerView.swift; sourceTree = "<group>"; };
		3DF5FBA3232BF44300856205 /* StockAnalysisViewController.swift */ = {isa = PBXFileReference; lastKnownFileType = sourcecode.swift; path = StockAnalysisViewController.swift; sourceTree = "<group>"; };
		3DF5FBAB232BFAC800856205 /* AnalysisGraphView.swift */ = {isa = PBXFileReference; lastKnownFileType = sourcecode.swift; path = AnalysisGraphView.swift; sourceTree = "<group>"; };
		3DF5FBAF232BFCF100856205 /* AnalysisChartCell.swift */ = {isa = PBXFileReference; lastKnownFileType = sourcecode.swift; path = AnalysisChartCell.swift; sourceTree = "<group>"; };
		3DF5FBB1232F16F300856205 /* SearchSelectionVIewController.swift */ = {isa = PBXFileReference; lastKnownFileType = sourcecode.swift; path = SearchSelectionVIewController.swift; sourceTree = "<group>"; };
		3DF5FBB4232FA48600856205 /* MenuBarControl.swift */ = {isa = PBXFileReference; lastKnownFileType = sourcecode.swift; path = MenuBarControl.swift; sourceTree = "<group>"; };
		3DF5FBB82330FF6D00856205 /* CompanyFillings.swift */ = {isa = PBXFileReference; lastKnownFileType = sourcecode.swift; path = CompanyFillings.swift; sourceTree = "<group>"; };
		3DF5FBBA233114D700856205 /* CompanyReportsCell.swift */ = {isa = PBXFileReference; lastKnownFileType = sourcecode.swift; path = CompanyReportsCell.swift; sourceTree = "<group>"; };
		59C76C07469A281B054B28FF /* Pods_Upful.framework */ = {isa = PBXFileReference; explicitFileType = wrapper.framework; includeInIndex = 0; path = Pods_Upful.framework; sourceTree = BUILT_PRODUCTS_DIR; };
		8A3615F7902317CD398E45C9 /* Pods-UpfulTests.release.xcconfig */ = {isa = PBXFileReference; includeInIndex = 1; lastKnownFileType = text.xcconfig; name = "Pods-UpfulTests.release.xcconfig"; path = "Pods/Target Support Files/Pods-UpfulTests/Pods-UpfulTests.release.xcconfig"; sourceTree = "<group>"; };
		9315B80D35508D89B49F5501 /* Pods-UpfulTests.debug.xcconfig */ = {isa = PBXFileReference; includeInIndex = 1; lastKnownFileType = text.xcconfig; name = "Pods-UpfulTests.debug.xcconfig"; path = "Pods/Target Support Files/Pods-UpfulTests/Pods-UpfulTests.debug.xcconfig"; sourceTree = "<group>"; };
		93827783A5ED4D3B1AC1DB9F /* Pods_Upful_UpfulTests.framework */ = {isa = PBXFileReference; explicitFileType = wrapper.framework; includeInIndex = 0; path = Pods_Upful_UpfulTests.framework; sourceTree = BUILT_PRODUCTS_DIR; };
		BC0A134A6E928314BD6D8405 /* Pods_UpfulTests.framework */ = {isa = PBXFileReference; explicitFileType = wrapper.framework; includeInIndex = 0; path = Pods_UpfulTests.framework; sourceTree = BUILT_PRODUCTS_DIR; };
		BD4474703268102BF85409A5 /* Pods-Upful-UpfulTests.debug.xcconfig */ = {isa = PBXFileReference; includeInIndex = 1; lastKnownFileType = text.xcconfig; name = "Pods-Upful-UpfulTests.debug.xcconfig"; path = "Pods/Target Support Files/Pods-Upful-UpfulTests/Pods-Upful-UpfulTests.debug.xcconfig"; sourceTree = "<group>"; };
		D6464D4EB0D76DB0F09D0648 /* Pods-Upful.release.xcconfig */ = {isa = PBXFileReference; includeInIndex = 1; lastKnownFileType = text.xcconfig; name = "Pods-Upful.release.xcconfig"; path = "Pods/Target Support Files/Pods-Upful/Pods-Upful.release.xcconfig"; sourceTree = "<group>"; };
/* End PBXFileReference section */

/* Begin PBXFrameworksBuildPhase section */
		3D20FB2222FB1F08007836DD /* Frameworks */ = {
			isa = PBXFrameworksBuildPhase;
			buildActionMask = 2147483647;
			files = (
				DBF9A52BC5915E42042B6760 /* Pods_Upful.framework in Frameworks */,
			);
			runOnlyForDeploymentPostprocessing = 0;
		};
		3D20FB3622FB1F0A007836DD /* Frameworks */ = {
			isa = PBXFrameworksBuildPhase;
			buildActionMask = 2147483647;
			files = (
				9EACA51EBDB9027C65ED019D /* Pods_UpfulTests.framework in Frameworks */,
				6EFBDDEF75650ADE9A43846E /* Pods_Upful_UpfulTests.framework in Frameworks */,
			);
			runOnlyForDeploymentPostprocessing = 0;
		};
/* End PBXFrameworksBuildPhase section */

/* Begin PBXGroup section */
		3D20FB1C22FB1F08007836DD = {
			isa = PBXGroup;
			children = (
				3D20FB2722FB1F08007836DD /* Upful */,
				3D20FB3C22FB1F0A007836DD /* UpfulTests */,
				3D20FB2622FB1F08007836DD /* Products */,
				A4196304E936B0EBD91F6E49 /* Pods */,
				FFC43740532EEF9D260808DB /* Frameworks */,
			);
			sourceTree = "<group>";
		};
		3D20FB2622FB1F08007836DD /* Products */ = {
			isa = PBXGroup;
			children = (
				3D20FB2522FB1F08007836DD /* Upful.app */,
				3D20FB3922FB1F0A007836DD /* UpfulTests.xctest */,
			);
			name = Products;
			sourceTree = "<group>";
		};
		3D20FB2722FB1F08007836DD /* Upful */ = {
			isa = PBXGroup;
			children = (
				3D20FB4822FB2086007836DD /* Supporting Files */,
				3DC4ED3322FF029200232155 /* APIs */,
				3D20FB4D22FB258A007836DD /* Services */,
				3D20FB4A22FB211C007836DD /* Extensions */,
				3D20FB4922FB209F007836DD /* Home Feed */,
				3DC4ED3022FE6EAA00232155 /* Search Results */,
				3D4D8606231C5B2F0065CF9F /* Stock Search */,
				3D2F963A230F490A003811AB /* Stock Detail */,
				3D20FB5022FB3052007836DD /* Models */,
				3D20FB6022FBC033007836DD /* Reusable Views */,
				3D20FB2F22FB1F0A007836DD /* Assets.xcassets */,
				3D20FB3422FB1F0A007836DD /* Info.plist */,
				3D917B4522FD2D7E001D5E39 /* GoogleService-Info.plist */,
			);
			path = Upful;
			sourceTree = "<group>";
		};
		3D20FB3C22FB1F0A007836DD /* UpfulTests */ = {
			isa = PBXGroup;
			children = (
				3D20FB3D22FB1F0A007836DD /* UpfulTests.swift */,
				3D20FB3F22FB1F0A007836DD /* Info.plist */,
			);
			path = UpfulTests;
			sourceTree = "<group>";
		};
		3D20FB4822FB2086007836DD /* Supporting Files */ = {
			isa = PBXGroup;
			children = (
				3D20FB3122FB1F0A007836DD /* LaunchScreen.storyboard */,
				3D20FB2822FB1F08007836DD /* AppDelegate.swift */,
				3D58651E231DE67B00495D79 /* Constants.swift */,
			);
			path = "Supporting Files";
			sourceTree = "<group>";
		};
		3D20FB4922FB209F007836DD /* Home Feed */ = {
			isa = PBXGroup;
			children = (
				3DA5408D232B37B700EE477C /* Container View */,
				3D20FB5422FB34FB007836DD /* Views */,
				3D20FB5322FB34F5007836DD /* Controllers */,
				3D20FB5B22FBA754007836DD /* View Models */,
			);
			path = "Home Feed";
			sourceTree = "<group>";
		};
		3D20FB4A22FB211C007836DD /* Extensions */ = {
			isa = PBXGroup;
			children = (
				3D20FB4B22FB2129007836DD /* UIView+Extensions.swift */,
				3D917B4322FC84C4001D5E39 /* UIFont+Extensions.swift */,
				3D917B5522FE088F001D5E39 /* UIViewController+Extensions.swift */,
				3D90ADB022FFC33C00C52455 /* UIColor+Extensions.swift */,
				3D90ADB92301BE0F00C52455 /* Double+Extensions.swift */,
				3D42BE54230C86B600806AFF /* Int+Extensions.swift */,
				3D42BE57230E26A900806AFF /* UITableView+Extensions.swift */,
				3D2F9664231B7488003811AB /* String+Extensions.swift */,
			);
			path = Extensions;
			sourceTree = "<group>";
		};
		3D20FB4D22FB258A007836DD /* Services */ = {
			isa = PBXGroup;
			children = (
				3D20FB4E22FB259D007836DD /* NetworkingService.swift */,
				3D2F96442312D4AF003811AB /* AnalyticsMapper.swift */,
				3D586519231C946600495D79 /* AppStoreReviewHelper.swift */,
			);
			path = Services;
			sourceTree = "<group>";
		};
		3D20FB5022FB3052007836DD /* Models */ = {
			isa = PBXGroup;
			children = (
				3D90ADB223005F2200C52455 /* Home Feed Items */,
				3D2F9662231A16B7003811AB /* CompanyNewsModel.swift */,
			);
			path = Models;
			sourceTree = "<group>";
		};
		3D20FB5322FB34F5007836DD /* Controllers */ = {
			isa = PBXGroup;
			children = (
				3D42BE432309A35300806AFF /* Home */,
				3DC4ED2F22FE671100232155 /* Manual Search Flow */,
			);
			path = Controllers;
			sourceTree = "<group>";
		};
		3D20FB5422FB34FB007836DD /* Views */ = {
			isa = PBXGroup;
			children = (
				3D917B5422FE0849001D5E39 /* Preset Cell */,
			);
			path = Views;
			sourceTree = "<group>";
		};
		3D20FB5B22FBA754007836DD /* View Models */ = {
			isa = PBXGroup;
			children = (
				3D5865222321E57E00495D79 /* Preset Screener */,
				3D20FB5C22FBA772007836DD /* HomeViewModel.swift */,
			);
			path = "View Models";
			sourceTree = "<group>";
		};
		3D20FB6022FBC033007836DD /* Reusable Views */ = {
			isa = PBXGroup;
			children = (
				3DA54083232B35F900EE477C /* MenuContainer */,
				3D20FB6122FBC03F007836DD /* CustomHeaderLabel.swift */,
				3D42BE4F230C421D00806AFF /* StockDetailsStackView.swift */,
				3D2F96462315C072003811AB /* CustomLargeButton.swift */,
				3D2F966023196881003811AB /* SpacerView.swift */,
				3D58651B231D777C00495D79 /* TableHeaderView.swift */,
			);
			path = "Reusable Views";
			sourceTree = "<group>";
		};
		3D2F963A230F490A003811AB /* Stock Detail */ = {
			isa = PBXGroup;
			children = (
				3DF5FBB72330FF4F00856205 /* Models */,
				3DF5FBA0232BB9A400856205 /* Stock Details Container */,
				3DF5FBA5232BF4E700856205 /* Overview */,
				3D2F96492315CD1B003811AB /* Analysis */,
			);
			path = "Stock Detail";
			sourceTree = "<group>";
		};
		3D2F963F2312B025003811AB /* Analytics */ = {
			isa = PBXGroup;
			children = (
				3D2F96402312B036003811AB /* MixpanelAnalytics.swift */,
				3D2F96422312D44B003811AB /* GoogleAnalytics.swift */,
			);
			path = Analytics;
			sourceTree = "<group>";
		};
		3D2F96482315CD18003811AB /* Views */ = {
			isa = PBXGroup;
			children = (
				3D2F965223169D24003811AB /* Header */,
				3D2F964E23169CE2003811AB /* Graph Cell */,
				3D2F964F23169CEB003811AB /* Calculations Cell */,
				3D2F965023169CF5003811AB /* News Cell */,
			);
			path = Views;
			sourceTree = "<group>";
		};
		3D2F96492315CD1B003811AB /* Analysis */ = {
			isa = PBXGroup;
			children = (
				3DF5FBA8232BF54700856205 /* Views */,
				3DF5FBA9232BF54F00856205 /* Controllers */,
			);
			path = Analysis;
			sourceTree = "<group>";
		};
		3D2F964E23169CE2003811AB /* Graph Cell */ = {
			isa = PBXGroup;
			children = (
				3D8632862323E4D300C29B88 /* Graphs */,
				3D8632852323E4CC00C29B88 /* Cells */,
			);
			path = "Graph Cell";
			sourceTree = "<group>";
		};
		3D2F964F23169CEB003811AB /* Calculations Cell */ = {
			isa = PBXGroup;
			children = (
				3D2F965B2318CC3C003811AB /* Section Views */,
				3D2F965523169E9C003811AB /* DetailsCalculationsCell.swift */,
			);
			path = "Calculations Cell";
			sourceTree = "<group>";
		};
		3D2F965023169CF5003811AB /* News Cell */ = {
			isa = PBXGroup;
			children = (
				3D2F965723171F52003811AB /* CompanyNewsCell.swift */,
			);
			path = "News Cell";
			sourceTree = "<group>";
		};
		3D2F965223169D24003811AB /* Header */ = {
			isa = PBXGroup;
			children = (
				3D2F965323169D31003811AB /* DetailsHeaderView.swift */,
			);
			path = Header;
			sourceTree = "<group>";
		};
		3D2F965B2318CC3C003811AB /* Section Views */ = {
			isa = PBXGroup;
			children = (
				3D2F96592318C6E7003811AB /* ValuationSectionView.swift */,
				3D2F965C2318CC4E003811AB /* FinancialSectionView.swift */,
				3D2F965E2318D16A003811AB /* GrowthSectionView.swift */,
			);
			path = "Section Views";
			sourceTree = "<group>";
		};
		3D42BE3E23098BB400806AFF /* Controllers */ = {
			isa = PBXGroup;
			children = (
				3DC4ED3122FE6EF700232155 /* ScreenResultsVC.swift */,
			);
			path = Controllers;
			sourceTree = "<group>";
		};
		3D42BE3F23098BBB00806AFF /* Views */ = {
			isa = PBXGroup;
			children = (
				3D42BE4023098BD200806AFF /* ResultsTableViewCell.swift */,
			);
			path = Views;
			sourceTree = "<group>";
		};
		3D42BE432309A35300806AFF /* Home */ = {
			isa = PBXGroup;
			children = (
				3D20FB2A22FB1F08007836DD /* HomeFeedViewController.swift */,
			);
			path = Home;
			sourceTree = "<group>";
		};
		3D42BE462309A56F00806AFF /* Intrinio */ = {
			isa = PBXGroup;
			children = (
				3DC4ED3422FF02A000232155 /* IntrinioAPI.swift */,
				3D42BE53230C672F00806AFF /* Models */,
			);
			path = Intrinio;
			sourceTree = "<group>";
		};
		3D42BE4B230AFE7000806AFF /* Popular Companies */ = {
			isa = PBXGroup;
			children = (
				3D20FB5922FB49EC007836DD /* PopularCompanyCell.swift */,
			);
			path = "Popular Companies";
			sourceTree = "<group>";
		};
		3D42BE4E230B032F00806AFF /* Preset Searche */ = {
			isa = PBXGroup;
			children = (
				3D20FB5722FB46DD007836DD /* PresetScreenerTableViewCell.swift */,
			);
			path = "Preset Searche";
			sourceTree = "<group>";
		};
		3D42BE53230C672F00806AFF /* Models */ = {
			isa = PBXGroup;
			children = (
				3D42BE51230C672C00806AFF /* CompanyFundamentals.swift */,
				3D42BE482309A59800806AFF /* Screener.swift */,
			);
			path = Models;
			sourceTree = "<group>";
		};
		3D4D8606231C5B2F0065CF9F /* Stock Search */ = {
			isa = PBXGroup;
			children = (
				3D4D8609231C6E8B0065CF9F /* Views */,
				3D4D860A231C6E8F0065CF9F /* Controllers */,
			);
			path = "Stock Search";
			sourceTree = "<group>";
		};
		3D4D8609231C6E8B0065CF9F /* Views */ = {
			isa = PBXGroup;
			children = (
				3D586517231C8AEB00495D79 /* StockSearchCell.swift */,
			);
			path = Views;
			sourceTree = "<group>";
		};
		3D4D860A231C6E8F0065CF9F /* Controllers */ = {
			isa = PBXGroup;
			children = (
				3D4D8607231C5B5D0065CF9F /* StockSearchViewController.swift */,
			);
			path = Controllers;
			sourceTree = "<group>";
		};
		3D5865222321E57E00495D79 /* Preset Screener */ = {
			isa = PBXGroup;
			children = (
				3D5865232321E61400495D79 /* Preset Screener.swift */,
			);
			path = "Preset Screener";
			sourceTree = "<group>";
		};
		3D8632852323E4CC00C29B88 /* Cells */ = {
			isa = PBXGroup;
			children = (
				3D2F964C23169CC7003811AB /* BarGraphTableViewCell.swift */,
			);
			path = Cells;
			sourceTree = "<group>";
		};
		3D8632862323E4D300C29B88 /* Graphs */ = {
			isa = PBXGroup;
			children = (
				3D2F964A2315CD34003811AB /* BarChartView.swift */,
				3D5865252323024A00495D79 /* PieChartView.swift */,
			);
			path = Graphs;
			sourceTree = "<group>";
		};
		3D90ADB223005F2200C52455 /* Home Feed Items */ = {
			isa = PBXGroup;
			children = (
				3D917B4D22FE006D001D5E39 /* ManualSearchModel.swift */,
				3D20FB5122FB3068007836DD /* FeedItem.swift */,
				3D42BE442309A55900806AFF /* PresetScreener.swift */,
			);
			path = "Home Feed Items";
			sourceTree = "<group>";
		};
		3D90ADB62301994900C52455 /* Views */ = {
			isa = PBXGroup;
			children = (
				3D90ADB72301995600C52455 /* ManualSearchHeaderView.swift */,
			);
			path = Views;
			sourceTree = "<group>";
		};
		3D917B5422FE0849001D5E39 /* Preset Cell */ = {
			isa = PBXGroup;
			children = (
				3D42BE4B230AFE7000806AFF /* Popular Companies */,
				3D42BE4E230B032F00806AFF /* Preset Searche */,
			);
			path = "Preset Cell";
			sourceTree = "<group>";
		};
		3DA54083232B35F900EE477C /* MenuContainer */ = {
			isa = PBXGroup;
			children = (
				3DF5FBB3232FA47A00856205 /* Menu Bar */,
				3DA5408A232B366500EE477C /* Menu View Header */,
				3DA54087232B362B00EE477C /* View Container */,
				3DA54084232B360A00EE477C /* Protocols */,
			);
			path = MenuContainer;
			sourceTree = "<group>";
		};
		3DA54084232B360A00EE477C /* Protocols */ = {
			isa = PBXGroup;
			children = (
				3DA54085232B361B00EE477C /* MenuViewProtocols.swift */,
			);
			path = Protocols;
			sourceTree = "<group>";
		};
		3DA54087232B362B00EE477C /* View Container */ = {
			isa = PBXGroup;
			children = (
				3DA54088232B364000EE477C /* MenuViewContainer.swift */,
			);
			path = "View Container";
			sourceTree = "<group>";
		};
		3DA5408A232B366500EE477C /* Menu View Header */ = {
			isa = PBXGroup;
			children = (
				3DA5408B232B366F00EE477C /* MenuViewHeader.swift */,
			);
			path = "Menu View Header";
			sourceTree = "<group>";
		};
		3DA5408D232B37B700EE477C /* Container View */ = {
			isa = PBXGroup;
			children = (
				3DA5408E232B37C700EE477C /* HomeFeedContainer.swift */,
			);
			path = "Container View";
			sourceTree = "<group>";
		};
		3DC4ED2F22FE671100232155 /* Manual Search Flow */ = {
			isa = PBXGroup;
			children = (
				3D90ADB62301994900C52455 /* Views */,
				3D917B5922FE24C4001D5E39 /* SearchCriteriaTableViewController.swift */,
				3D917B5122FE0542001D5E39 /* ManualSearchViewController.swift */,
				3D90ADB42301971500C52455 /* ManualSearchParametersTableViewController.swift */,
			);
			path = "Manual Search Flow";
			sourceTree = "<group>";
		};
		3DC4ED3022FE6EAA00232155 /* Search Results */ = {
			isa = PBXGroup;
			children = (
				3D42BE3F23098BBB00806AFF /* Views */,
				3D42BE3E23098BB400806AFF /* Controllers */,
			);
			path = "Search Results";
			sourceTree = "<group>";
		};
		3DC4ED3322FF029200232155 /* APIs */ = {
			isa = PBXGroup;
			children = (
				3D2F963F2312B025003811AB /* Analytics */,
				3D42BE462309A56F00806AFF /* Intrinio */,
			);
			path = APIs;
			sourceTree = "<group>";
		};
		3DF5FBA0232BB9A400856205 /* Stock Details Container */ = {
			isa = PBXGroup;
			children = (
				3DF5FBA1232BB9BB00856205 /* StockDetailsContainerView.swift */,
			);
			path = "Stock Details Container";
			sourceTree = "<group>";
		};
		3DF5FBA5232BF4E700856205 /* Overview */ = {
			isa = PBXGroup;
			children = (
				3D2F96482315CD18003811AB /* Views */,
				3DF5FBA7232BF52000856205 /* Controllers */,
			);
			path = Overview;
			sourceTree = "<group>";
		};
		3DF5FBA7232BF52000856205 /* Controllers */ = {
			isa = PBXGroup;
			children = (
				3D2F963B230F4922003811AB /* StockOverviewViewController.swift */,
			);
			path = Controllers;
			sourceTree = "<group>";
		};
		3DF5FBA8232BF54700856205 /* Views */ = {
			isa = PBXGroup;
			children = (
				3DF5FBAA232BFA9F00856205 /* Graph Cell */,
				3DF5FBB62330FEC600856205 /* Reports Cell */,
			);
			path = Views;
			sourceTree = "<group>";
		};
		3DF5FBA9232BF54F00856205 /* Controllers */ = {
			isa = PBXGroup;
			children = (
				3DF5FBA3232BF44300856205 /* StockAnalysisViewController.swift */,
				3DF5FBB1232F16F300856205 /* SearchSelectionVIewController.swift */,
			);
			path = Controllers;
			sourceTree = "<group>";
		};
		3DF5FBAA232BFA9F00856205 /* Graph Cell */ = {
			isa = PBXGroup;
			children = (
				3DF5FBAE232BFCE400856205 /* Cell */,
				3DF5FBAD232BFCD200856205 /* Graph View */,
			);
			path = "Graph Cell";
			sourceTree = "<group>";
		};
		3DF5FBAD232BFCD200856205 /* Graph View */ = {
			isa = PBXGroup;
			children = (
				3DF5FBAB232BFAC800856205 /* AnalysisGraphView.swift */,
			);
			path = "Graph View";
			sourceTree = "<group>";
		};
		3DF5FBAE232BFCE400856205 /* Cell */ = {
			isa = PBXGroup;
			children = (
				3DF5FBAF232BFCF100856205 /* AnalysisChartCell.swift */,
			);
			path = Cell;
			sourceTree = "<group>";
		};
		3DF5FBB3232FA47A00856205 /* Menu Bar */ = {
			isa = PBXGroup;
			children = (
				3DF5FBB4232FA48600856205 /* MenuBarControl.swift */,
			);
			path = "Menu Bar";
			sourceTree = "<group>";
		};
		3DF5FBB62330FEC600856205 /* Reports Cell */ = {
			isa = PBXGroup;
			children = (
				3DF5FBBA233114D700856205 /* CompanyReportsCell.swift */,
			);
			path = "Reports Cell";
			sourceTree = "<group>";
		};
		3DF5FBB72330FF4F00856205 /* Models */ = {
			isa = PBXGroup;
			children = (
				3DF5FBB82330FF6D00856205 /* CompanyFillings.swift */,
			);
			path = Models;
			sourceTree = "<group>";
		};
		A4196304E936B0EBD91F6E49 /* Pods */ = {
			isa = PBXGroup;
			children = (
				023AAB374D3059C075004339 /* Pods-Upful.debug.xcconfig */,
				D6464D4EB0D76DB0F09D0648 /* Pods-Upful.release.xcconfig */,
				9315B80D35508D89B49F5501 /* Pods-UpfulTests.debug.xcconfig */,
				8A3615F7902317CD398E45C9 /* Pods-UpfulTests.release.xcconfig */,
				BD4474703268102BF85409A5 /* Pods-Upful-UpfulTests.debug.xcconfig */,
				3D0A0B595AE359D529B34D3F /* Pods-Upful-UpfulTests.release.xcconfig */,
			);
			name = Pods;
			sourceTree = "<group>";
		};
		FFC43740532EEF9D260808DB /* Frameworks */ = {
			isa = PBXGroup;
			children = (
				3D2E37DA2303946800DE8D12 /* GoogleAppMeasurement.framework */,
				3D2E37D92303946800DE8D12 /* GoogleUtilities.framework */,
				3D2E37DB2303946800DE8D12 /* nanopb.framework */,
				3D2E37D72303942100DE8D12 /* GoogleMobileAds.framework */,
				59C76C07469A281B054B28FF /* Pods_Upful.framework */,
				BC0A134A6E928314BD6D8405 /* Pods_UpfulTests.framework */,
				93827783A5ED4D3B1AC1DB9F /* Pods_Upful_UpfulTests.framework */,
			);
			name = Frameworks;
			sourceTree = "<group>";
		};
/* End PBXGroup section */

/* Begin PBXNativeTarget section */
		3D20FB2422FB1F08007836DD /* Upful */ = {
			isa = PBXNativeTarget;
			buildConfigurationList = 3D20FB4222FB1F0A007836DD /* Build configuration list for PBXNativeTarget "Upful" */;
			buildPhases = (
				BA8A5399EEDABAAEA09927E9 /* [CP] Check Pods Manifest.lock */,
				3D20FB2122FB1F08007836DD /* Sources */,
				3D20FB2222FB1F08007836DD /* Frameworks */,
				3D20FB2322FB1F08007836DD /* Resources */,
				DBAC63ACD445083835E79E46 /* [CP] Embed Pods Frameworks */,
			);
			buildRules = (
			);
			dependencies = (
			);
			name = Upful;
			productName = Upful;
			productReference = 3D20FB2522FB1F08007836DD /* Upful.app */;
			productType = "com.apple.product-type.application";
		};
		3D20FB3822FB1F0A007836DD /* UpfulTests */ = {
			isa = PBXNativeTarget;
			buildConfigurationList = 3D20FB4522FB1F0A007836DD /* Build configuration list for PBXNativeTarget "UpfulTests" */;
			buildPhases = (
				6DA628A217B730F9C49336BC /* [CP] Check Pods Manifest.lock */,
				3D20FB3522FB1F0A007836DD /* Sources */,
				3D20FB3622FB1F0A007836DD /* Frameworks */,
				3D20FB3722FB1F0A007836DD /* Resources */,
			);
			buildRules = (
			);
			dependencies = (
				3D20FB3B22FB1F0A007836DD /* PBXTargetDependency */,
			);
			name = UpfulTests;
			productName = UpfulTests;
			productReference = 3D20FB3922FB1F0A007836DD /* UpfulTests.xctest */;
			productType = "com.apple.product-type.bundle.unit-test";
		};
/* End PBXNativeTarget section */

/* Begin PBXProject section */
		3D20FB1D22FB1F08007836DD /* Project object */ = {
			isa = PBXProject;
			attributes = {
				LastSwiftUpdateCheck = 1020;
				LastUpgradeCheck = 1020;
				ORGANIZATIONNAME = "Yanik Simpson";
				TargetAttributes = {
					3D20FB2422FB1F08007836DD = {
						CreatedOnToolsVersion = 10.2.1;
					};
					3D20FB3822FB1F0A007836DD = {
						CreatedOnToolsVersion = 10.2.1;
						TestTargetID = 3D20FB2422FB1F08007836DD;
					};
				};
			};
			buildConfigurationList = 3D20FB2022FB1F08007836DD /* Build configuration list for PBXProject "Upful" */;
			compatibilityVersion = "Xcode 9.3";
			developmentRegion = en;
			hasScannedForEncodings = 0;
			knownRegions = (
				en,
				Base,
			);
			mainGroup = 3D20FB1C22FB1F08007836DD;
			productRefGroup = 3D20FB2622FB1F08007836DD /* Products */;
			projectDirPath = "";
			projectRoot = "";
			targets = (
				3D20FB2422FB1F08007836DD /* Upful */,
				3D20FB3822FB1F0A007836DD /* UpfulTests */,
			);
		};
/* End PBXProject section */

/* Begin PBXResourcesBuildPhase section */
		3D20FB2322FB1F08007836DD /* Resources */ = {
			isa = PBXResourcesBuildPhase;
			buildActionMask = 2147483647;
			files = (
				3D20FB3322FB1F0A007836DD /* LaunchScreen.storyboard in Resources */,
				3D20FB3022FB1F0A007836DD /* Assets.xcassets in Resources */,
				3D917B4622FD2D7E001D5E39 /* GoogleService-Info.plist in Resources */,
			);
			runOnlyForDeploymentPostprocessing = 0;
		};
		3D20FB3722FB1F0A007836DD /* Resources */ = {
			isa = PBXResourcesBuildPhase;
			buildActionMask = 2147483647;
			files = (
			);
			runOnlyForDeploymentPostprocessing = 0;
		};
/* End PBXResourcesBuildPhase section */

/* Begin PBXShellScriptBuildPhase section */
		6DA628A217B730F9C49336BC /* [CP] Check Pods Manifest.lock */ = {
			isa = PBXShellScriptBuildPhase;
			buildActionMask = 2147483647;
			files = (
			);
			inputPaths = (
				"${PODS_PODFILE_DIR_PATH}/Podfile.lock",
				"${PODS_ROOT}/Manifest.lock",
			);
			name = "[CP] Check Pods Manifest.lock";
			outputPaths = (
				"$(DERIVED_FILE_DIR)/Pods-UpfulTests-checkManifestLockResult.txt",
			);
			runOnlyForDeploymentPostprocessing = 0;
			shellPath = /bin/sh;
			shellScript = "diff \"${PODS_PODFILE_DIR_PATH}/Podfile.lock\" \"${PODS_ROOT}/Manifest.lock\" > /dev/null\nif [ $? != 0 ] ; then\n    # print error to STDERR\n    echo \"error: The sandbox is not in sync with the Podfile.lock. Run 'pod install' or update your CocoaPods installation.\" >&2\n    exit 1\nfi\n# This output is used by Xcode 'outputs' to avoid re-running this script phase.\necho \"SUCCESS\" > \"${SCRIPT_OUTPUT_FILE_0}\"\n";
			showEnvVarsInLog = 0;
		};
		BA8A5399EEDABAAEA09927E9 /* [CP] Check Pods Manifest.lock */ = {
			isa = PBXShellScriptBuildPhase;
			buildActionMask = 2147483647;
			files = (
			);
			inputPaths = (
				"${PODS_PODFILE_DIR_PATH}/Podfile.lock",
				"${PODS_ROOT}/Manifest.lock",
			);
			name = "[CP] Check Pods Manifest.lock";
			outputPaths = (
				"$(DERIVED_FILE_DIR)/Pods-Upful-checkManifestLockResult.txt",
			);
			runOnlyForDeploymentPostprocessing = 0;
			shellPath = /bin/sh;
			shellScript = "diff \"${PODS_PODFILE_DIR_PATH}/Podfile.lock\" \"${PODS_ROOT}/Manifest.lock\" > /dev/null\nif [ $? != 0 ] ; then\n    # print error to STDERR\n    echo \"error: The sandbox is not in sync with the Podfile.lock. Run 'pod install' or update your CocoaPods installation.\" >&2\n    exit 1\nfi\n# This output is used by Xcode 'outputs' to avoid re-running this script phase.\necho \"SUCCESS\" > \"${SCRIPT_OUTPUT_FILE_0}\"\n";
			showEnvVarsInLog = 0;
		};
		DBAC63ACD445083835E79E46 /* [CP] Embed Pods Frameworks */ = {
			isa = PBXShellScriptBuildPhase;
			buildActionMask = 2147483647;
			files = (
			);
			inputPaths = (
				"${SRCROOT}/Pods/Target Support Files/Pods-Upful/Pods-Upful-frameworks.sh",
				"${BUILT_PRODUCTS_DIR}/Charts/Charts.framework",
				"${BUILT_PRODUCTS_DIR}/GoogleUtilities/GoogleUtilities.framework",
				"${BUILT_PRODUCTS_DIR}/Mixpanel-swift/Mixpanel.framework",
				"${BUILT_PRODUCTS_DIR}/nanopb/nanopb.framework",
			);
			name = "[CP] Embed Pods Frameworks";
			outputPaths = (
				"${TARGET_BUILD_DIR}/${FRAMEWORKS_FOLDER_PATH}/Charts.framework",
				"${TARGET_BUILD_DIR}/${FRAMEWORKS_FOLDER_PATH}/GoogleUtilities.framework",
				"${TARGET_BUILD_DIR}/${FRAMEWORKS_FOLDER_PATH}/Mixpanel.framework",
				"${TARGET_BUILD_DIR}/${FRAMEWORKS_FOLDER_PATH}/nanopb.framework",
			);
			runOnlyForDeploymentPostprocessing = 0;
			shellPath = /bin/sh;
			shellScript = "\"${SRCROOT}/Pods/Target Support Files/Pods-Upful/Pods-Upful-frameworks.sh\"\n";
			showEnvVarsInLog = 0;
		};
/* End PBXShellScriptBuildPhase section */

/* Begin PBXSourcesBuildPhase section */
		3D20FB2122FB1F08007836DD /* Sources */ = {
			isa = PBXSourcesBuildPhase;
			buildActionMask = 2147483647;
			files = (
				3D2F965F2318D16A003811AB /* GrowthSectionView.swift in Sources */,
				3D2F9663231A16B7003811AB /* CompanyNewsModel.swift in Sources */,
				3D2F965423169D31003811AB /* DetailsHeaderView.swift in Sources */,
				3DF5FBA4232BF44300856205 /* StockAnalysisViewController.swift in Sources */,
				3D917B4422FC84C4001D5E39 /* UIFont+Extensions.swift in Sources */,
				3D2F964D23169CC7003811AB /* BarGraphTableViewCell.swift in Sources */,
				3D42BE4123098BD200806AFF /* ResultsTableViewCell.swift in Sources */,
				3D58651A231C946600495D79 /* AppStoreReviewHelper.swift in Sources */,
				3D90ADB82301995600C52455 /* ManualSearchHeaderView.swift in Sources */,
				3DC4ED3522FF02A000232155 /* IntrinioAPI.swift in Sources */,
				3D917B4E22FE006D001D5E39 /* ManualSearchModel.swift in Sources */,
				3D5865242321E61400495D79 /* Preset Screener.swift in Sources */,
				3DF5FBBB233114D700856205 /* CompanyReportsCell.swift in Sources */,
				3DA54086232B361B00EE477C /* MenuViewProtocols.swift in Sources */,
				3D2F965A2318C6E7003811AB /* ValuationSectionView.swift in Sources */,
				3D90ADB122FFC33C00C52455 /* UIColor+Extensions.swift in Sources */,
				3D58651C231D777C00495D79 /* TableHeaderView.swift in Sources */,
				3D2F96412312B036003811AB /* MixpanelAnalytics.swift in Sources */,
				3D2F9665231B7488003811AB /* String+Extensions.swift in Sources */,
				3D2F965D2318CC4E003811AB /* FinancialSectionView.swift in Sources */,
				3D2F964B2315CD34003811AB /* BarChartView.swift in Sources */,
				3D20FB5A22FB49EC007836DD /* PopularCompanyCell.swift in Sources */,
				3D2F966123196881003811AB /* SpacerView.swift in Sources */,
				3D917B5A22FE24C4001D5E39 /* SearchCriteriaTableViewController.swift in Sources */,
				3D2F965823171F52003811AB /* CompanyNewsCell.swift in Sources */,
				3D20FB4C22FB2129007836DD /* UIView+Extensions.swift in Sources */,
				3D917B5622FE088F001D5E39 /* UIViewController+Extensions.swift in Sources */,
				3D42BE492309A59800806AFF /* Screener.swift in Sources */,
				3D4D8608231C5B5D0065CF9F /* StockSearchViewController.swift in Sources */,
				3D20FB5822FB46DD007836DD /* PresetScreenerTableViewCell.swift in Sources */,
				3DF5FBB2232F16F300856205 /* SearchSelectionVIewController.swift in Sources */,
				3D20FB5D22FBA772007836DD /* HomeViewModel.swift in Sources */,
				3DA5408F232B37C700EE477C /* HomeFeedContainer.swift in Sources */,
				3D20FB6222FBC03F007836DD /* CustomHeaderLabel.swift in Sources */,
				3DF5FBB92330FF6D00856205 /* CompanyFillings.swift in Sources */,
				3D20FB2B22FB1F08007836DD /* HomeFeedViewController.swift in Sources */,
				3D5865262323024A00495D79 /* PieChartView.swift in Sources */,
				3D20FB2922FB1F08007836DD /* AppDelegate.swift in Sources */,
				3D2F96472315C072003811AB /* CustomLargeButton.swift in Sources */,
				3D90ADB52301971500C52455 /* ManualSearchParametersTableViewController.swift in Sources */,
				3DA54089232B364000EE477C /* MenuViewContainer.swift in Sources */,
				3DA5408C232B366F00EE477C /* MenuViewHeader.swift in Sources */,
				3D586518231C8AEB00495D79 /* StockSearchCell.swift in Sources */,
				3D20FB5222FB3068007836DD /* FeedItem.swift in Sources */,
				3DF5FBB0232BFCF100856205 /* AnalysisChartCell.swift in Sources */,
				3D2F963C230F4922003811AB /* StockOverviewViewController.swift in Sources */,
				3D42BE452309A55900806AFF /* PresetScreener.swift in Sources */,
				3D2F96432312D44B003811AB /* GoogleAnalytics.swift in Sources */,
				3D42BE52230C672C00806AFF /* CompanyFundamentals.swift in Sources */,
				3DF5FBB5232FA48600856205 /* MenuBarControl.swift in Sources */,
				3D42BE58230E26A900806AFF /* UITableView+Extensions.swift in Sources */,
				3D42BE50230C421D00806AFF /* StockDetailsStackView.swift in Sources */,
				3D917B5222FE0542001D5E39 /* ManualSearchViewController.swift in Sources */,
				3DC4ED3222FE6EF700232155 /* ScreenResultsVC.swift in Sources */,
				3D90ADBA2301BE0F00C52455 /* Double+Extensions.swift in Sources */,
				3DF5FBAC232BFAC800856205 /* AnalysisGraphView.swift in Sources */,
				3DF5FBA2232BB9BB00856205 /* StockDetailsContainerView.swift in Sources */,
				3D2F96452312D4AF003811AB /* AnalyticsMapper.swift in Sources */,
				3D2F965623169E9C003811AB /* DetailsCalculationsCell.swift in Sources */,
				3D58651F231DE67B00495D79 /* Constants.swift in Sources */,
				3D42BE55230C86B600806AFF /* Int+Extensions.swift in Sources */,
				3D20FB4F22FB259D007836DD /* NetworkingService.swift in Sources */,
			);
			runOnlyForDeploymentPostprocessing = 0;
		};
		3D20FB3522FB1F0A007836DD /* Sources */ = {
			isa = PBXSourcesBuildPhase;
			buildActionMask = 2147483647;
			files = (
				3D20FB3E22FB1F0A007836DD /* UpfulTests.swift in Sources */,
			);
			runOnlyForDeploymentPostprocessing = 0;
		};
/* End PBXSourcesBuildPhase section */

/* Begin PBXTargetDependency section */
		3D20FB3B22FB1F0A007836DD /* PBXTargetDependency */ = {
			isa = PBXTargetDependency;
			target = 3D20FB2422FB1F08007836DD /* Upful */;
			targetProxy = 3D20FB3A22FB1F0A007836DD /* PBXContainerItemProxy */;
		};
/* End PBXTargetDependency section */

/* Begin PBXVariantGroup section */
		3D20FB3122FB1F0A007836DD /* LaunchScreen.storyboard */ = {
			isa = PBXVariantGroup;
			children = (
				3D20FB3222FB1F0A007836DD /* Base */,
			);
			name = LaunchScreen.storyboard;
			sourceTree = "<group>";
		};
/* End PBXVariantGroup section */

/* Begin XCBuildConfiguration section */
		3D20FB4022FB1F0A007836DD /* Debug */ = {
			isa = XCBuildConfiguration;
			buildSettings = {
				ALWAYS_SEARCH_USER_PATHS = NO;
				CLANG_ANALYZER_NONNULL = YES;
				CLANG_ANALYZER_NUMBER_OBJECT_CONVERSION = YES_AGGRESSIVE;
				CLANG_CXX_LANGUAGE_STANDARD = "gnu++14";
				CLANG_CXX_LIBRARY = "libc++";
				CLANG_ENABLE_MODULES = YES;
				CLANG_ENABLE_OBJC_ARC = YES;
				CLANG_ENABLE_OBJC_WEAK = YES;
				CLANG_WARN_BLOCK_CAPTURE_AUTORELEASING = YES;
				CLANG_WARN_BOOL_CONVERSION = YES;
				CLANG_WARN_COMMA = YES;
				CLANG_WARN_CONSTANT_CONVERSION = YES;
				CLANG_WARN_DEPRECATED_OBJC_IMPLEMENTATIONS = YES;
				CLANG_WARN_DIRECT_OBJC_ISA_USAGE = YES_ERROR;
				CLANG_WARN_DOCUMENTATION_COMMENTS = YES;
				CLANG_WARN_EMPTY_BODY = YES;
				CLANG_WARN_ENUM_CONVERSION = YES;
				CLANG_WARN_INFINITE_RECURSION = YES;
				CLANG_WARN_INT_CONVERSION = YES;
				CLANG_WARN_NON_LITERAL_NULL_CONVERSION = YES;
				CLANG_WARN_OBJC_IMPLICIT_RETAIN_SELF = YES;
				CLANG_WARN_OBJC_LITERAL_CONVERSION = YES;
				CLANG_WARN_OBJC_ROOT_CLASS = YES_ERROR;
				CLANG_WARN_RANGE_LOOP_ANALYSIS = YES;
				CLANG_WARN_STRICT_PROTOTYPES = YES;
				CLANG_WARN_SUSPICIOUS_MOVE = YES;
				CLANG_WARN_UNGUARDED_AVAILABILITY = YES_AGGRESSIVE;
				CLANG_WARN_UNREACHABLE_CODE = YES;
				CLANG_WARN__DUPLICATE_METHOD_MATCH = YES;
				CODE_SIGN_IDENTITY = "iPhone Developer";
				COPY_PHASE_STRIP = NO;
				DEBUG_INFORMATION_FORMAT = dwarf;
				ENABLE_STRICT_OBJC_MSGSEND = YES;
				ENABLE_TESTABILITY = YES;
				GCC_C_LANGUAGE_STANDARD = gnu11;
				GCC_DYNAMIC_NO_PIC = NO;
				GCC_NO_COMMON_BLOCKS = YES;
				GCC_OPTIMIZATION_LEVEL = 0;
				GCC_PREPROCESSOR_DEFINITIONS = (
					"DEBUG=1",
					"$(inherited)",
				);
				GCC_WARN_64_TO_32_BIT_CONVERSION = YES;
				GCC_WARN_ABOUT_RETURN_TYPE = YES_ERROR;
				GCC_WARN_UNDECLARED_SELECTOR = YES;
				GCC_WARN_UNINITIALIZED_AUTOS = YES_AGGRESSIVE;
				GCC_WARN_UNUSED_FUNCTION = YES;
				GCC_WARN_UNUSED_VARIABLE = YES;
				IPHONEOS_DEPLOYMENT_TARGET = 12.2;
				MTL_ENABLE_DEBUG_INFO = INCLUDE_SOURCE;
				MTL_FAST_MATH = YES;
				ONLY_ACTIVE_ARCH = YES;
				SDKROOT = iphoneos;
				SWIFT_ACTIVE_COMPILATION_CONDITIONS = DEBUG;
				SWIFT_OPTIMIZATION_LEVEL = "-Onone";
			};
			name = Debug;
		};
		3D20FB4122FB1F0A007836DD /* Release */ = {
			isa = XCBuildConfiguration;
			buildSettings = {
				ALWAYS_SEARCH_USER_PATHS = NO;
				CLANG_ANALYZER_NONNULL = YES;
				CLANG_ANALYZER_NUMBER_OBJECT_CONVERSION = YES_AGGRESSIVE;
				CLANG_CXX_LANGUAGE_STANDARD = "gnu++14";
				CLANG_CXX_LIBRARY = "libc++";
				CLANG_ENABLE_MODULES = YES;
				CLANG_ENABLE_OBJC_ARC = YES;
				CLANG_ENABLE_OBJC_WEAK = YES;
				CLANG_WARN_BLOCK_CAPTURE_AUTORELEASING = YES;
				CLANG_WARN_BOOL_CONVERSION = YES;
				CLANG_WARN_COMMA = YES;
				CLANG_WARN_CONSTANT_CONVERSION = YES;
				CLANG_WARN_DEPRECATED_OBJC_IMPLEMENTATIONS = YES;
				CLANG_WARN_DIRECT_OBJC_ISA_USAGE = YES_ERROR;
				CLANG_WARN_DOCUMENTATION_COMMENTS = YES;
				CLANG_WARN_EMPTY_BODY = YES;
				CLANG_WARN_ENUM_CONVERSION = YES;
				CLANG_WARN_INFINITE_RECURSION = YES;
				CLANG_WARN_INT_CONVERSION = YES;
				CLANG_WARN_NON_LITERAL_NULL_CONVERSION = YES;
				CLANG_WARN_OBJC_IMPLICIT_RETAIN_SELF = YES;
				CLANG_WARN_OBJC_LITERAL_CONVERSION = YES;
				CLANG_WARN_OBJC_ROOT_CLASS = YES_ERROR;
				CLANG_WARN_RANGE_LOOP_ANALYSIS = YES;
				CLANG_WARN_STRICT_PROTOTYPES = YES;
				CLANG_WARN_SUSPICIOUS_MOVE = YES;
				CLANG_WARN_UNGUARDED_AVAILABILITY = YES_AGGRESSIVE;
				CLANG_WARN_UNREACHABLE_CODE = YES;
				CLANG_WARN__DUPLICATE_METHOD_MATCH = YES;
				CODE_SIGN_IDENTITY = "iPhone Developer";
				COPY_PHASE_STRIP = NO;
				DEBUG_INFORMATION_FORMAT = "dwarf-with-dsym";
				ENABLE_NS_ASSERTIONS = NO;
				ENABLE_STRICT_OBJC_MSGSEND = YES;
				GCC_C_LANGUAGE_STANDARD = gnu11;
				GCC_NO_COMMON_BLOCKS = YES;
				GCC_WARN_64_TO_32_BIT_CONVERSION = YES;
				GCC_WARN_ABOUT_RETURN_TYPE = YES_ERROR;
				GCC_WARN_UNDECLARED_SELECTOR = YES;
				GCC_WARN_UNINITIALIZED_AUTOS = YES_AGGRESSIVE;
				GCC_WARN_UNUSED_FUNCTION = YES;
				GCC_WARN_UNUSED_VARIABLE = YES;
				IPHONEOS_DEPLOYMENT_TARGET = 12.2;
				MTL_ENABLE_DEBUG_INFO = NO;
				MTL_FAST_MATH = YES;
				SDKROOT = iphoneos;
				SWIFT_COMPILATION_MODE = wholemodule;
				SWIFT_OPTIMIZATION_LEVEL = "-O";
				VALIDATE_PRODUCT = YES;
			};
			name = Release;
		};
		3D20FB4322FB1F0A007836DD /* Debug */ = {
			isa = XCBuildConfiguration;
			baseConfigurationReference = 023AAB374D3059C075004339 /* Pods-Upful.debug.xcconfig */;
			buildSettings = {
				ASSETCATALOG_COMPILER_APPICON_NAME = AppIcon;
				CODE_SIGN_STYLE = Automatic;
				DEVELOPMENT_TEAM = DNPC864748;
				INFOPLIST_FILE = Upful/Info.plist;
				IPHONEOS_DEPLOYMENT_TARGET = 12.2;
				LD_RUNPATH_SEARCH_PATHS = (
					"$(inherited)",
					"@executable_path/Frameworks",
				);
				PRODUCT_BUNDLE_IDENTIFIER = com.syanik.Upful;
				PRODUCT_NAME = "$(TARGET_NAME)";
				SWIFT_VERSION = 5.0;
				TARGETED_DEVICE_FAMILY = 1;
			};
			name = Debug;
		};
		3D20FB4422FB1F0A007836DD /* Release */ = {
			isa = XCBuildConfiguration;
			baseConfigurationReference = D6464D4EB0D76DB0F09D0648 /* Pods-Upful.release.xcconfig */;
			buildSettings = {
				ASSETCATALOG_COMPILER_APPICON_NAME = AppIcon;
				CODE_SIGN_STYLE = Automatic;
				DEVELOPMENT_TEAM = DNPC864748;
				INFOPLIST_FILE = Upful/Info.plist;
				IPHONEOS_DEPLOYMENT_TARGET = 12.2;
				LD_RUNPATH_SEARCH_PATHS = (
					"$(inherited)",
					"@executable_path/Frameworks",
				);
				PRODUCT_BUNDLE_IDENTIFIER = com.syanik.Upful;
				PRODUCT_NAME = "$(TARGET_NAME)";
				SWIFT_VERSION = 5.0;
				TARGETED_DEVICE_FAMILY = 1;
			};
			name = Release;
		};
		3D20FB4622FB1F0A007836DD /* Debug */ = {
			isa = XCBuildConfiguration;
			baseConfigurationReference = 9315B80D35508D89B49F5501 /* Pods-UpfulTests.debug.xcconfig */;
			buildSettings = {
				ALWAYS_EMBED_SWIFT_STANDARD_LIBRARIES = YES;
				BUNDLE_LOADER = "$(TEST_HOST)";
				CODE_SIGN_STYLE = Automatic;
				DEVELOPMENT_TEAM = DNPC864748;
				INFOPLIST_FILE = UpfulTests/Info.plist;
				LD_RUNPATH_SEARCH_PATHS = (
					"$(inherited)",
					"@executable_path/Frameworks",
					"@loader_path/Frameworks",
				);
				PRODUCT_BUNDLE_IDENTIFIER = com.syanik.UpfulTests;
				PRODUCT_NAME = "$(TARGET_NAME)";
				SWIFT_VERSION = 5.0;
				TARGETED_DEVICE_FAMILY = "1,2";
				TEST_HOST = "$(BUILT_PRODUCTS_DIR)/Upful.app/Upful";
			};
			name = Debug;
		};
		3D20FB4722FB1F0A007836DD /* Release */ = {
			isa = XCBuildConfiguration;
			baseConfigurationReference = 8A3615F7902317CD398E45C9 /* Pods-UpfulTests.release.xcconfig */;
			buildSettings = {
				ALWAYS_EMBED_SWIFT_STANDARD_LIBRARIES = YES;
				BUNDLE_LOADER = "$(TEST_HOST)";
				CODE_SIGN_STYLE = Automatic;
				DEVELOPMENT_TEAM = DNPC864748;
				INFOPLIST_FILE = UpfulTests/Info.plist;
				LD_RUNPATH_SEARCH_PATHS = (
					"$(inherited)",
					"@executable_path/Frameworks",
					"@loader_path/Frameworks",
				);
				PRODUCT_BUNDLE_IDENTIFIER = com.syanik.UpfulTests;
				PRODUCT_NAME = "$(TARGET_NAME)";
				SWIFT_VERSION = 5.0;
				TARGETED_DEVICE_FAMILY = "1,2";
				TEST_HOST = "$(BUILT_PRODUCTS_DIR)/Upful.app/Upful";
			};
			name = Release;
		};
/* End XCBuildConfiguration section */

/* Begin XCConfigurationList section */
		3D20FB2022FB1F08007836DD /* Build configuration list for PBXProject "Upful" */ = {
			isa = XCConfigurationList;
			buildConfigurations = (
				3D20FB4022FB1F0A007836DD /* Debug */,
				3D20FB4122FB1F0A007836DD /* Release */,
			);
			defaultConfigurationIsVisible = 0;
			defaultConfigurationName = Release;
		};
		3D20FB4222FB1F0A007836DD /* Build configuration list for PBXNativeTarget "Upful" */ = {
			isa = XCConfigurationList;
			buildConfigurations = (
				3D20FB4322FB1F0A007836DD /* Debug */,
				3D20FB4422FB1F0A007836DD /* Release */,
			);
			defaultConfigurationIsVisible = 0;
			defaultConfigurationName = Release;
		};
		3D20FB4522FB1F0A007836DD /* Build configuration list for PBXNativeTarget "UpfulTests" */ = {
			isa = XCConfigurationList;
			buildConfigurations = (
				3D20FB4622FB1F0A007836DD /* Debug */,
				3D20FB4722FB1F0A007836DD /* Release */,
			);
			defaultConfigurationIsVisible = 0;
			defaultConfigurationName = Release;
		};
/* End XCConfigurationList section */
	};
	rootObject = 3D20FB1D22FB1F08007836DD /* Project object */;
}
